
Microsoft Visual Studio Solution File, Format Version 10.00
# Visual Studio 2008
Project("{FAE04EC0-301F-11D3-BF4B-00C04F79EFBC}") = "TD.Common.Extensions", "TD.Common.Extensions\TD.Common.Extensions.csproj", "{8774DA41-B1E4-44B5-AEB9-F02F43C115EE}"
EndProject
Global
	GlobalSection(SolutionConfigurationPlatforms) = preSolution
		Debug|Any CPU = Debug|Any CPU
		Release|Any CPU = Release|Any CPU
	EndGlobalSection
	GlobalSection(ProjectConfigurationPlatforms) = postSolution
		{8774DA41-B1E4-44B5-AEB9-F02F43C115EE}.Debug|Any CPU.ActiveCfg = Debug|Any CPU
		{8774DA41-B1E4-44B5-AEB9-F02F43C115EE}.Debug|Any CPU.Build.0 = Debug|Any CPU
		{8774DA41-B1E4-44B5-AEB9-F02F43C115EE}.Release|Any CPU.ActiveCfg = Release|Any CPU
		{8774DA41-B1E4-44B5-AEB9-F02F43C115EE}.Release|Any CPU.Build.0 = Release|Any CPU
	EndGlobalSection
	GlobalSection(SolutionProperties) = preSolution
		HideSolutionNode = FALSE
	EndGlobalSection
EndGlobal
