Microsoft Visual Studio Solution File, Format Version 12.00
# Visual Studio 14
VisualStudioVersion = 14.0.25420.1
MinimumVisualStudioVersion = 10.0.40219.1
Project("{2150E333-8FDC-42A3-9474-1A3956D46DE8}") = "00.Solution Items", "00.Solution Items", "{5492C79B-BF91-44BB-BA2B-75EB5D94BD9C}"
	ProjectSection(SolutionItems) = preProject
		codeMap.dgml = codeMap.dgml
	EndProjectSection
EndProject
Project("{FAE04EC0-301F-11D3-BF4B-00C04F79EFBC}") = "JP.Base.Common.Exceptions", "BaseLibs\JP.Base.Common.Exceptions\JP.Base.Common.Exceptions.csproj", "{6B3AD624-820E-4ADE-B5AB-81DAED54D0B6}"
EndProject
Project("{FAE04EC0-301F-11D3-BF4B-00C04F79EFBC}") = "JP.Base.DAL.EF6", "BaseLibs\JP.Base.DAL.EF6\JP.Base.DAL.EF6.csproj", "{E0C708F5-DCC8-4098-ABBD-2DD9D2766F1B}"
EndProject
Project("{FAE04EC0-301F-11D3-BF4B-00C04F79EFBC}") = "JP.Base.DAL.EF6.Repositories", "BaseLibs\JP.Base.DAL.EF6.Repositories\JP.Base.DAL.EF6.Repositories.csproj", "{21CDC162-FD9B-4A9B-9E70-A5D0AA27BB4C}"
EndProject
Project("{FAE04EC0-301F-11D3-BF4B-00C04F79EFBC}") = "JP.Base.Logic.ModelValidator", "BaseLibs\JP.Base.Logic.ModelValidator\JP.Base.Logic.ModelValidator.csproj", "{B9AD9D57-8F62-43BE-8E26-F80EC8550413}"
EndProject
Project("{FAE04EC0-301F-11D3-BF4B-00C04F79EFBC}") = "JP.Base.Logic.Search", "BaseLibs\JP.Base.Logic.Search\JP.Base.Logic.Search.csproj", "{1D81E4AD-D068-4BE5-BB0F-FA653DD16FD1}"
EndProject
Project("{2150E333-8FDC-42A3-9474-1A3956D46DE8}") = "01.JP.base.dal", "01.JP.base.dal", "{648EE63C-D790-4FA5-927D-DD3A3EC06469}"
EndProject
Project("{2150E333-8FDC-42A3-9474-1A3956D46DE8}") = "ef6", "ef6", "{24931EB6-184E-42D8-91A4-541A16E94BFE}"
EndProject
Project("{2150E333-8FDC-42A3-9474-1A3956D46DE8}") = "03.JP.base.common", "03.JP.base.common", "{3C01D090-5A24-439D-A654-BB903238D440}"
EndProject
Project("{FAE04EC0-301F-11D3-BF4B-00C04F79EFBC}") = "JP.Base.Common.EmailSending", "BaseLibs\JP.Base.Common.EmailSending\JP.Base.Common.EmailSending.csproj", "{7368B848-14D4-431E-952F-AA1E440C607E}"
EndProject
Project("{2150E333-8FDC-42A3-9474-1A3956D46DE8}") = "04.JP.base.exceptions", "04.JP.base.exceptions", "{7CAF2A28-9A61-4A51-84BF-EC8164D88C68}"
EndProject
Project("{2150E333-8FDC-42A3-9474-1A3956D46DE8}") = "02.JP.base.logic", "02.JP.base.logic", "{06440465-74C8-42B9-9187-C8F3ADD9E635}"
EndProject
Project("{2150E333-8FDC-42A3-9474-1A3956D46DE8}") = "06.JP.base.mvp", "06.JP.base.mvp", "{E2343303-8F34-4F15-A21F-8CB0F94C0EE8}"
EndProject
Project("{FAE04EC0-301F-11D3-BF4B-00C04F79EFBC}") = "JP.Base.Common.Forms", "BaseLibs\JP.Base.Common.Forms\JP.Base.Common.Forms.csproj", "{59C2E34F-2031-4F90-85F1-94A93453FCA7}"
EndProject
Project("{2150E333-8FDC-42A3-9474-1A3956D46DE8}") = "05.JP.base.forms.GenericCRUD", "05.JP.base.forms.GenericCRUD", "{600365EC-53A9-4526-AFB4-CDEE50677819}"
EndProject
Project("{2150E333-8FDC-42A3-9474-1A3956D46DE8}") = "dependencies", "dependencies", "{9938341E-6E0D-46F4-82C6-5C39549FF49F}"
EndProject
Project("{FAE04EC0-301F-11D3-BF4B-00C04F79EFBC}") = "JP.Base.MVP", "BaseLibs\JP.Base.MVP\JP.Base.MVP.csproj", "{3CE5D2DF-8BD1-4E16-9285-6C4AB690F00C}"
EndProject
Project("{FAE04EC0-301F-11D3-BF4B-00C04F79EFBC}") = "JP.Base.Forms.GenericCRUD", "BaseLibs\JP.Base.Forms.GenericCRUD\JP.Base.Forms.GenericCRUD.csproj", "{36645B1F-A702-4577-87A8-25BDB833515B}"
EndProject
Project("{FAE04EC0-301F-11D3-BF4B-00C04F79EFBC}") = "JP.Base.Common.Extensions", "BaseLibs\JP.Base.Common.Extensions\JP.Common.Extensions\JP.Base.Common.Extensions.csproj", "{8774DA41-B1E4-44B5-AEB9-F02F43C115EE}"
EndProject
Project("{FAE04EC0-301F-11D3-BF4B-00C04F79EFBC}") = "NJFLib.Controls.CollapsibleSplitter", "BaseLibs\JP.Base.Forms.GenericCRUD\Dependencies\NJFLib.Controls.CollapsibleSplitter\NJFLib.Controls.CollapsibleSplitter.csproj", "{EA459706-3DE6-4BC1-BDA8-866D564AB5AF}"
EndProject
Project("{2150E333-8FDC-42A3-9474-1A3956D46DE8}") = "07.Tests", "07.Tests", "{09B603C1-75F5-4ACC-9B96-22794ECA49DB}"
EndProject
Project("{FAE04EC0-301F-11D3-BF4B-00C04F79EFBC}") = "JP.Base.EmailSending.TestDrive", "Tests\JP.Base.EmailSending.Tests\JP.Base.EmailSending.TestDrive.csproj", "{765B177F-E27C-4783-837E-33790940B7CF}"
EndProject
Project("{FAE04EC0-301F-11D3-BF4B-00C04F79EFBC}") = "JP.Base.Errors.Common.Tests", "Tests\JP.Base.Common.Errors.Tests\JP.Base.Errors.Common.Tests.csproj", "{5FC8E3E5-4B69-40E8-BE20-367FE44319F8}"
EndProject
Project("{FAE04EC0-301F-11D3-BF4B-00C04F79EFBC}") = "JP.Base.Forms.GenericCRUD.TestDrive", "Tests\JP.Base.Forms.GenericCRUD.TestDrive\JP.Base.Forms.GenericCRUD.TestDrive.csproj", "{32196599-21C8-4176-BBC4-E95F013EC64D}"
EndProject
Project("{2150E333-8FDC-42A3-9474-1A3956D46DE8}") = "POCs", "POCs", "{A3DF3F42-93E3-43B3-A350-8A6FD887495B}"
EndProject
Project("{2150E333-8FDC-42A3-9474-1A3956D46DE8}") = "UnitTests", "UnitTests", "{FE8682F4-B53E-4C6A-A719-68F5A04FF1A4}"
EndProject
Project("{2150E333-8FDC-42A3-9474-1A3956D46DE8}") = "08.Base.Libraries.Implementations", "08.Base.Libraries.Implementations", "{AD3A6781-2C33-4DD3-B7FF-0E3E8371BB5F}"
EndProject
Project("{FAE04EC0-301F-11D3-BF4B-00C04F79EFBC}") = "JP.Base.DAL.EF6.Model", "Implementations\JP.Base.DAL.EF6.Model\JP.Base.DAL.EF6.Model.csproj", "{FBDE0B0D-2B83-42B3-A4BE-058C880BDF26}"
EndProject
Project("{FAE04EC0-301F-11D3-BF4B-00C04F79EFBC}") = "JP.Base.DAL.EF6.Repositories.Implementation", "Implementations\JP.Base.DAL.EF6.Repositories.Implementation\JP.Base.DAL.EF6.Repositories.Implementation.csproj", "{C6E56885-9222-430F-9F94-CA968E223E59}"
EndProject
Project("{FAE04EC0-301F-11D3-BF4B-00C04F79EFBC}") = "JP.Base.DAL.EF6.UnitOfWork", "Implementations\JP.Base.DAL.EF6.UnitOfWork\JP.Base.DAL.EF6.UnitOfWork.csproj", "{279390DA-1EC1-44A1-83CF-F4FD76AC055B}"
EndProject
Project("{FAE04EC0-301F-11D3-BF4B-00C04F79EFBC}") = "JP.Base.Logic", "Implementations\JP.Base.Logic\JP.Base.Logic.csproj", "{435554B2-0C51-4256-95DE-2B139F1B6204}"
EndProject
Project("{FAE04EC0-301F-11D3-BF4B-00C04F79EFBC}") = "JP.Base.MVP.Implementation", "Implementations\JP.Base.MVP.Implementation\JP.Base.MVP.Implementation.csproj", "{5368297E-8B07-43DC-8B38-0FE6076FF7F5}"
EndProject
Project("{FAE04EC0-301F-11D3-BF4B-00C04F79EFBC}") = "JP.Base.MVP.Implementation.Support", "Implementations\JP.Base.MVP.Implementation.Support\JP.Base.MVP.Implementation.Support.csproj", "{CC7DCC30-2B0A-4C89-80F7-65ADBE08ECB5}"
EndProject
Project("{FAE04EC0-301F-11D3-BF4B-00C04F79EFBC}") = "JP.Base.MVP.Implementation.Winforms", "Implementations\JP.Base.MVP.Implementation.Winforms\JP.Base.MVP.Implementation.Winforms.csproj", "{4FFBBC2A-0F28-40D2-8213-56B0CC3773F0}"
EndProject
Project("{FAE04EC0-301F-11D3-BF4B-00C04F79EFBC}") = "JP.Base.ViewModel", "Implementations\JP.Base.ViewModel\JP.Base.ViewModel.csproj", "{83AD9B2E-A3BB-49D9-9302-A3B961A59181}"
EndProject
Project("{FAE04EC0-301F-11D3-BF4B-00C04F79EFBC}") = "MVPWithLog4Net", "Implementations\POCs\MVPWithLog4Net\MVPWithLog4Net.csproj", "{8F613F0B-9893-46CC-8D41-7D3EBA19A1A3}"
EndProject
Project("{2150E333-8FDC-42A3-9474-1A3956D46DE8}") = "POCs", "POCs", "{5C680857-3F2E-458E-9558-6E717EEF67A5}"
EndProject
Project("{2150E333-8FDC-42A3-9474-1A3956D46DE8}") = "02.Tests", "02.Tests", "{A2FD60A3-5ECB-4B53-AABB-A5F8A668B8A7}"
EndProject
Project("{2150E333-8FDC-42A3-9474-1A3956D46DE8}") = "UnitTests", "UnitTests", "{4BB73D77-7BFA-4E1F-8DDF-0300C0AE543F}"
EndProject
Project("{2150E333-8FDC-42A3-9474-1A3956D46DE8}") = "01.Base.Libraries", "01.Base.Libraries", "{5BD1DF91-B612-4E3B-B7A8-BC6F422D4C11}"
EndProject
Project("{FAE04EC0-301F-11D3-BF4B-00C04F79EFBC}") = "JP.Base.Common.Exceptions.Parsing", "BaseLibs\JP.Base.Common.Exceptions.Parsing\JP.Base.Common.Exceptions.Parsing.csproj", "{BF448196-7505-4035-A792-A104EF47B313}"
EndProject
Project("{FAE04EC0-301F-11D3-BF4B-00C04F79EFBC}") = "JP.Base.Exceptions.Logging", "BaseLibs\JP.Base.Exceptions.Logging\JP.Base.Exceptions.Logging.csproj", "{851185BD-AC5B-4A76-A8C1-F127104ADAAF}"
EndProject
Project("{FAE04EC0-301F-11D3-BF4B-00C04F79EFBC}") = "JP.Base.Exceptions.Winforms", "BaseLibs\JP.Base.Exceptions.Winforms\JP.Base.Exceptions.Winforms.csproj", "{4AC840A0-2663-4061-8669-307422CE8CA3}"
EndProject
Project("{FAE04EC0-301F-11D3-BF4B-00C04F79EFBC}") = "ImplementingUserControls", "Implementations\POCs\ImplementingUserControls\ImplementingUserControls.csproj", "{7450E022-C7FE-49A1-A527-877C6830F0A3}"
EndProject
Project("{2150E333-8FDC-42A3-9474-1A3956D46DE8}") = "01.Src", "01.Src", "{3D2AA0F4-0337-457D-933D-2C601410A9BC}"
EndProject
Project("{2150E333-8FDC-42A3-9474-1A3956D46DE8}") = "ADO", "ADO", "{BED56284-9BD1-41F6-8EE0-A62C6A3F30B6}"
EndProject
Project("{FAE04EC0-301F-11D3-BF4B-00C04F79EFBC}") = "ADO.DAL.Commands", "Implementations\POCs\ADO.DAL.Commands\ADO.DAL.Commands.csproj", "{8A775645-8CBB-426F-89F5-0FA46EDE4353}"
EndProject
Project("{2150E333-8FDC-42A3-9474-1A3956D46DE8}") = "ADO.DAL", "ADO.DAL", "{8176C86C-AF42-4D23-BF2B-405DB4ACCB84}"
EndProject
Project("{FAE04EC0-301F-11D3-BF4B-00C04F79EFBC}") = "JP.Base.DAL.ADO", "BaseLibs\JP.Base.DAL.ADO\JP.Base.DAL.ADO.csproj", "{E33C27AA-CBEF-42B0-ADB3-160313FE5404}"
EndProject
Project("{FAE04EC0-301F-11D3-BF4B-00C04F79EFBC}") = "ADO.DAL.POC", "Implementations\POCs\ADO.DAL.POC\ADO.DAL.POC.csproj", "{A13EF7FE-2ED1-479D-B8A5-2DF5F5F957E3}"
EndProject
Global
	GlobalSection(SolutionConfigurationPlatforms) = preSolution
		Debug|Any CPU = Debug|Any CPU
		Debug|x86 = Debug|x86
		Release|Any CPU = Release|Any CPU
		Release|x86 = Release|x86
	EndGlobalSection
	GlobalSection(ProjectConfigurationPlatforms) = postSolution
		{6B3AD624-820E-4ADE-B5AB-81DAED54D0B6}.Debug|Any CPU.ActiveCfg = Debug|Any CPU
		{6B3AD624-820E-4ADE-B5AB-81DAED54D0B6}.Debug|Any CPU.Build.0 = Debug|Any CPU
		{6B3AD624-820E-4ADE-B5AB-81DAED54D0B6}.Debug|x86.ActiveCfg = Debug|Any CPU
		{6B3AD624-820E-4ADE-B5AB-81DAED54D0B6}.Debug|x86.Build.0 = Debug|Any CPU
		{6B3AD624-820E-4ADE-B5AB-81DAED54D0B6}.Release|Any CPU.ActiveCfg = Release|Any CPU
		{6B3AD624-820E-4ADE-B5AB-81DAED54D0B6}.Release|Any CPU.Build.0 = Release|Any CPU
		{6B3AD624-820E-4ADE-B5AB-81DAED54D0B6}.Release|x86.ActiveCfg = Release|Any CPU
		{6B3AD624-820E-4ADE-B5AB-81DAED54D0B6}.Release|x86.Build.0 = Release|Any CPU
		{E0C708F5-DCC8-4098-ABBD-2DD9D2766F1B}.Debug|Any CPU.ActiveCfg = Debug|Any CPU
		{E0C708F5-DCC8-4098-ABBD-2DD9D2766F1B}.Debug|Any CPU.Build.0 = Debug|Any CPU
		{E0C708F5-DCC8-4098-ABBD-2DD9D2766F1B}.Debug|x86.ActiveCfg = Debug|Any CPU
		{E0C708F5-DCC8-4098-ABBD-2DD9D2766F1B}.Debug|x86.Build.0 = Debug|Any CPU
		{E0C708F5-DCC8-4098-ABBD-2DD9D2766F1B}.Release|Any CPU.ActiveCfg = Release|Any CPU
		{E0C708F5-DCC8-4098-ABBD-2DD9D2766F1B}.Release|Any CPU.Build.0 = Release|Any CPU
		{E0C708F5-DCC8-4098-ABBD-2DD9D2766F1B}.Release|x86.ActiveCfg = Release|Any CPU
		{E0C708F5-DCC8-4098-ABBD-2DD9D2766F1B}.Release|x86.Build.0 = Release|Any CPU
		{21CDC162-FD9B-4A9B-9E70-A5D0AA27BB4C}.Debug|Any CPU.ActiveCfg = Debug|Any CPU
		{21CDC162-FD9B-4A9B-9E70-A5D0AA27BB4C}.Debug|Any CPU.Build.0 = Debug|Any CPU
		{21CDC162-FD9B-4A9B-9E70-A5D0AA27BB4C}.Debug|x86.ActiveCfg = Debug|Any CPU
		{21CDC162-FD9B-4A9B-9E70-A5D0AA27BB4C}.Debug|x86.Build.0 = Debug|Any CPU
		{21CDC162-FD9B-4A9B-9E70-A5D0AA27BB4C}.Release|Any CPU.ActiveCfg = Release|Any CPU
		{21CDC162-FD9B-4A9B-9E70-A5D0AA27BB4C}.Release|Any CPU.Build.0 = Release|Any CPU
		{21CDC162-FD9B-4A9B-9E70-A5D0AA27BB4C}.Release|x86.ActiveCfg = Release|Any CPU
		{21CDC162-FD9B-4A9B-9E70-A5D0AA27BB4C}.Release|x86.Build.0 = Release|Any CPU
		{B9AD9D57-8F62-43BE-8E26-F80EC8550413}.Debug|Any CPU.ActiveCfg = Debug|Any CPU
		{B9AD9D57-8F62-43BE-8E26-F80EC8550413}.Debug|Any CPU.Build.0 = Debug|Any CPU
		{B9AD9D57-8F62-43BE-8E26-F80EC8550413}.Debug|x86.ActiveCfg = Debug|Any CPU
		{B9AD9D57-8F62-43BE-8E26-F80EC8550413}.Debug|x86.Build.0 = Debug|Any CPU
		{B9AD9D57-8F62-43BE-8E26-F80EC8550413}.Release|Any CPU.ActiveCfg = Release|Any CPU
		{B9AD9D57-8F62-43BE-8E26-F80EC8550413}.Release|Any CPU.Build.0 = Release|Any CPU
		{B9AD9D57-8F62-43BE-8E26-F80EC8550413}.Release|x86.ActiveCfg = Release|Any CPU
		{B9AD9D57-8F62-43BE-8E26-F80EC8550413}.Release|x86.Build.0 = Release|Any CPU
		{1D81E4AD-D068-4BE5-BB0F-FA653DD16FD1}.Debug|Any CPU.ActiveCfg = Debug|Any CPU
		{1D81E4AD-D068-4BE5-BB0F-FA653DD16FD1}.Debug|Any CPU.Build.0 = Debug|Any CPU
		{1D81E4AD-D068-4BE5-BB0F-FA653DD16FD1}.Debug|x86.ActiveCfg = Debug|Any CPU
		{1D81E4AD-D068-4BE5-BB0F-FA653DD16FD1}.Debug|x86.Build.0 = Debug|Any CPU
		{1D81E4AD-D068-4BE5-BB0F-FA653DD16FD1}.Release|Any CPU.ActiveCfg = Release|Any CPU
		{1D81E4AD-D068-4BE5-BB0F-FA653DD16FD1}.Release|Any CPU.Build.0 = Release|Any CPU
		{1D81E4AD-D068-4BE5-BB0F-FA653DD16FD1}.Release|x86.ActiveCfg = Release|Any CPU
		{1D81E4AD-D068-4BE5-BB0F-FA653DD16FD1}.Release|x86.Build.0 = Release|Any CPU
		{7368B848-14D4-431E-952F-AA1E440C607E}.Debug|Any CPU.ActiveCfg = Debug|Any CPU
		{7368B848-14D4-431E-952F-AA1E440C607E}.Debug|Any CPU.Build.0 = Debug|Any CPU
		{7368B848-14D4-431E-952F-AA1E440C607E}.Debug|x86.ActiveCfg = Debug|Any CPU
		{7368B848-14D4-431E-952F-AA1E440C607E}.Debug|x86.Build.0 = Debug|Any CPU
		{7368B848-14D4-431E-952F-AA1E440C607E}.Release|Any CPU.ActiveCfg = Release|Any CPU
		{7368B848-14D4-431E-952F-AA1E440C607E}.Release|Any CPU.Build.0 = Release|Any CPU
		{7368B848-14D4-431E-952F-AA1E440C607E}.Release|x86.ActiveCfg = Release|Any CPU
		{7368B848-14D4-431E-952F-AA1E440C607E}.Release|x86.Build.0 = Release|Any CPU
		{59C2E34F-2031-4F90-85F1-94A93453FCA7}.Debug|Any CPU.ActiveCfg = Debug|Any CPU
		{59C2E34F-2031-4F90-85F1-94A93453FCA7}.Debug|Any CPU.Build.0 = Debug|Any CPU
		{59C2E34F-2031-4F90-85F1-94A93453FCA7}.Debug|x86.ActiveCfg = Debug|Any CPU
		{59C2E34F-2031-4F90-85F1-94A93453FCA7}.Debug|x86.Build.0 = Debug|Any CPU
		{59C2E34F-2031-4F90-85F1-94A93453FCA7}.Release|Any CPU.ActiveCfg = Release|Any CPU
		{59C2E34F-2031-4F90-85F1-94A93453FCA7}.Release|Any CPU.Build.0 = Release|Any CPU
		{59C2E34F-2031-4F90-85F1-94A93453FCA7}.Release|x86.ActiveCfg = Release|Any CPU
		{59C2E34F-2031-4F90-85F1-94A93453FCA7}.Release|x86.Build.0 = Release|Any CPU
		{3CE5D2DF-8BD1-4E16-9285-6C4AB690F00C}.Debug|Any CPU.ActiveCfg = Debug|Any CPU
		{3CE5D2DF-8BD1-4E16-9285-6C4AB690F00C}.Debug|Any CPU.Build.0 = Debug|Any CPU
		{3CE5D2DF-8BD1-4E16-9285-6C4AB690F00C}.Debug|x86.ActiveCfg = Debug|x86
		{3CE5D2DF-8BD1-4E16-9285-6C4AB690F00C}.Debug|x86.Build.0 = Debug|x86
		{3CE5D2DF-8BD1-4E16-9285-6C4AB690F00C}.Release|Any CPU.ActiveCfg = Release|Any CPU
		{3CE5D2DF-8BD1-4E16-9285-6C4AB690F00C}.Release|Any CPU.Build.0 = Release|Any CPU
		{3CE5D2DF-8BD1-4E16-9285-6C4AB690F00C}.Release|x86.ActiveCfg = Release|x86
		{3CE5D2DF-8BD1-4E16-9285-6C4AB690F00C}.Release|x86.Build.0 = Release|x86
		{36645B1F-A702-4577-87A8-25BDB833515B}.Debug|Any CPU.ActiveCfg = Debug|Any CPU
		{36645B1F-A702-4577-87A8-25BDB833515B}.Debug|Any CPU.Build.0 = Debug|Any CPU
		{36645B1F-A702-4577-87A8-25BDB833515B}.Debug|x86.ActiveCfg = Debug|Any CPU
		{36645B1F-A702-4577-87A8-25BDB833515B}.Debug|x86.Build.0 = Debug|Any CPU
		{36645B1F-A702-4577-87A8-25BDB833515B}.Release|Any CPU.ActiveCfg = Release|Any CPU
		{36645B1F-A702-4577-87A8-25BDB833515B}.Release|Any CPU.Build.0 = Release|Any CPU
		{36645B1F-A702-4577-87A8-25BDB833515B}.Release|x86.ActiveCfg = Release|Any CPU
		{36645B1F-A702-4577-87A8-25BDB833515B}.Release|x86.Build.0 = Release|Any CPU
		{8774DA41-B1E4-44B5-AEB9-F02F43C115EE}.Debug|Any CPU.ActiveCfg = Debug|Any CPU
		{8774DA41-B1E4-44B5-AEB9-F02F43C115EE}.Debug|Any CPU.Build.0 = Debug|Any CPU
		{8774DA41-B1E4-44B5-AEB9-F02F43C115EE}.Debug|x86.ActiveCfg = Debug|Any CPU
		{8774DA41-B1E4-44B5-AEB9-F02F43C115EE}.Debug|x86.Build.0 = Debug|Any CPU
		{8774DA41-B1E4-44B5-AEB9-F02F43C115EE}.Release|Any CPU.ActiveCfg = Release|Any CPU
		{8774DA41-B1E4-44B5-AEB9-F02F43C115EE}.Release|Any CPU.Build.0 = Release|Any CPU
		{8774DA41-B1E4-44B5-AEB9-F02F43C115EE}.Release|x86.ActiveCfg = Release|Any CPU
		{8774DA41-B1E4-44B5-AEB9-F02F43C115EE}.Release|x86.Build.0 = Release|Any CPU
		{EA459706-3DE6-4BC1-BDA8-866D564AB5AF}.Debug|Any CPU.ActiveCfg = Debug|Any CPU
		{EA459706-3DE6-4BC1-BDA8-866D564AB5AF}.Debug|Any CPU.Build.0 = Debug|Any CPU
		{EA459706-3DE6-4BC1-BDA8-866D564AB5AF}.Debug|x86.ActiveCfg = Debug|Any CPU
		{EA459706-3DE6-4BC1-BDA8-866D564AB5AF}.Debug|x86.Build.0 = Debug|Any CPU
		{EA459706-3DE6-4BC1-BDA8-866D564AB5AF}.Release|Any CPU.ActiveCfg = Release|Any CPU
		{EA459706-3DE6-4BC1-BDA8-866D564AB5AF}.Release|Any CPU.Build.0 = Release|Any CPU
		{EA459706-3DE6-4BC1-BDA8-866D564AB5AF}.Release|x86.ActiveCfg = Release|Any CPU
		{EA459706-3DE6-4BC1-BDA8-866D564AB5AF}.Release|x86.Build.0 = Release|Any CPU
		{765B177F-E27C-4783-837E-33790940B7CF}.Debug|Any CPU.ActiveCfg = Debug|Any CPU
		{765B177F-E27C-4783-837E-33790940B7CF}.Debug|Any CPU.Build.0 = Debug|Any CPU
		{765B177F-E27C-4783-837E-33790940B7CF}.Debug|x86.ActiveCfg = Debug|Any CPU
		{765B177F-E27C-4783-837E-33790940B7CF}.Debug|x86.Build.0 = Debug|Any CPU
		{765B177F-E27C-4783-837E-33790940B7CF}.Release|Any CPU.ActiveCfg = Release|Any CPU
		{765B177F-E27C-4783-837E-33790940B7CF}.Release|Any CPU.Build.0 = Release|Any CPU
		{765B177F-E27C-4783-837E-33790940B7CF}.Release|x86.ActiveCfg = Release|Any CPU
		{765B177F-E27C-4783-837E-33790940B7CF}.Release|x86.Build.0 = Release|Any CPU
		{5FC8E3E5-4B69-40E8-BE20-367FE44319F8}.Debug|Any CPU.ActiveCfg = Debug|Any CPU
		{5FC8E3E5-4B69-40E8-BE20-367FE44319F8}.Debug|Any CPU.Build.0 = Debug|Any CPU
		{5FC8E3E5-4B69-40E8-BE20-367FE44319F8}.Debug|x86.ActiveCfg = Debug|Any CPU
		{5FC8E3E5-4B69-40E8-BE20-367FE44319F8}.Debug|x86.Build.0 = Debug|Any CPU
		{5FC8E3E5-4B69-40E8-BE20-367FE44319F8}.Release|Any CPU.ActiveCfg = Release|Any CPU
		{5FC8E3E5-4B69-40E8-BE20-367FE44319F8}.Release|Any CPU.Build.0 = Release|Any CPU
		{5FC8E3E5-4B69-40E8-BE20-367FE44319F8}.Release|x86.ActiveCfg = Release|Any CPU
		{5FC8E3E5-4B69-40E8-BE20-367FE44319F8}.Release|x86.Build.0 = Release|Any CPU
		{32196599-21C8-4176-BBC4-E95F013EC64D}.Debug|Any CPU.ActiveCfg = Debug|Any CPU
		{32196599-21C8-4176-BBC4-E95F013EC64D}.Debug|Any CPU.Build.0 = Debug|Any CPU
		{32196599-21C8-4176-BBC4-E95F013EC64D}.Debug|x86.ActiveCfg = Debug|Any CPU
		{32196599-21C8-4176-BBC4-E95F013EC64D}.Debug|x86.Build.0 = Debug|Any CPU
		{32196599-21C8-4176-BBC4-E95F013EC64D}.Release|Any CPU.ActiveCfg = Release|Any CPU
		{32196599-21C8-4176-BBC4-E95F013EC64D}.Release|Any CPU.Build.0 = Release|Any CPU
		{32196599-21C8-4176-BBC4-E95F013EC64D}.Release|x86.ActiveCfg = Release|Any CPU
		{32196599-21C8-4176-BBC4-E95F013EC64D}.Release|x86.Build.0 = Release|Any CPU
		{FBDE0B0D-2B83-42B3-A4BE-058C880BDF26}.Debug|Any CPU.ActiveCfg = Debug|Any CPU
		{FBDE0B0D-2B83-42B3-A4BE-058C880BDF26}.Debug|Any CPU.Build.0 = Debug|Any CPU
		{FBDE0B0D-2B83-42B3-A4BE-058C880BDF26}.Debug|x86.ActiveCfg = Debug|Any CPU
		{FBDE0B0D-2B83-42B3-A4BE-058C880BDF26}.Debug|x86.Build.0 = Debug|Any CPU
		{FBDE0B0D-2B83-42B3-A4BE-058C880BDF26}.Release|Any CPU.ActiveCfg = Release|Any CPU
		{FBDE0B0D-2B83-42B3-A4BE-058C880BDF26}.Release|Any CPU.Build.0 = Release|Any CPU
		{FBDE0B0D-2B83-42B3-A4BE-058C880BDF26}.Release|x86.ActiveCfg = Release|Any CPU
		{FBDE0B0D-2B83-42B3-A4BE-058C880BDF26}.Release|x86.Build.0 = Release|Any CPU
		{C6E56885-9222-430F-9F94-CA968E223E59}.Debug|Any CPU.ActiveCfg = Debug|Any CPU
		{C6E56885-9222-430F-9F94-CA968E223E59}.Debug|Any CPU.Build.0 = Debug|Any CPU
		{C6E56885-9222-430F-9F94-CA968E223E59}.Debug|x86.ActiveCfg = Debug|Any CPU
		{C6E56885-9222-430F-9F94-CA968E223E59}.Debug|x86.Build.0 = Debug|Any CPU
		{C6E56885-9222-430F-9F94-CA968E223E59}.Release|Any CPU.ActiveCfg = Release|Any CPU
		{C6E56885-9222-430F-9F94-CA968E223E59}.Release|Any CPU.Build.0 = Release|Any CPU
		{C6E56885-9222-430F-9F94-CA968E223E59}.Release|x86.ActiveCfg = Release|Any CPU
		{C6E56885-9222-430F-9F94-CA968E223E59}.Release|x86.Build.0 = Release|Any CPU
		{279390DA-1EC1-44A1-83CF-F4FD76AC055B}.Debug|Any CPU.ActiveCfg = Debug|Any CPU
		{279390DA-1EC1-44A1-83CF-F4FD76AC055B}.Debug|Any CPU.Build.0 = Debug|Any CPU
		{279390DA-1EC1-44A1-83CF-F4FD76AC055B}.Debug|x86.ActiveCfg = Debug|Any CPU
		{279390DA-1EC1-44A1-83CF-F4FD76AC055B}.Debug|x86.Build.0 = Debug|Any CPU
		{279390DA-1EC1-44A1-83CF-F4FD76AC055B}.Release|Any CPU.ActiveCfg = Release|Any CPU
		{279390DA-1EC1-44A1-83CF-F4FD76AC055B}.Release|Any CPU.Build.0 = Release|Any CPU
		{279390DA-1EC1-44A1-83CF-F4FD76AC055B}.Release|x86.ActiveCfg = Release|Any CPU
		{279390DA-1EC1-44A1-83CF-F4FD76AC055B}.Release|x86.Build.0 = Release|Any CPU
		{435554B2-0C51-4256-95DE-2B139F1B6204}.Debug|Any CPU.ActiveCfg = Debug|Any CPU
		{435554B2-0C51-4256-95DE-2B139F1B6204}.Debug|Any CPU.Build.0 = Debug|Any CPU
		{435554B2-0C51-4256-95DE-2B139F1B6204}.Debug|x86.ActiveCfg = Debug|Any CPU
		{435554B2-0C51-4256-95DE-2B139F1B6204}.Debug|x86.Build.0 = Debug|Any CPU
		{435554B2-0C51-4256-95DE-2B139F1B6204}.Release|Any CPU.ActiveCfg = Release|Any CPU
		{435554B2-0C51-4256-95DE-2B139F1B6204}.Release|Any CPU.Build.0 = Release|Any CPU
		{435554B2-0C51-4256-95DE-2B139F1B6204}.Release|x86.ActiveCfg = Release|Any CPU
		{435554B2-0C51-4256-95DE-2B139F1B6204}.Release|x86.Build.0 = Release|Any CPU
		{5368297E-8B07-43DC-8B38-0FE6076FF7F5}.Debug|Any CPU.ActiveCfg = Debug|Any CPU
		{5368297E-8B07-43DC-8B38-0FE6076FF7F5}.Debug|Any CPU.Build.0 = Debug|Any CPU
		{5368297E-8B07-43DC-8B38-0FE6076FF7F5}.Debug|x86.ActiveCfg = Debug|Any CPU
		{5368297E-8B07-43DC-8B38-0FE6076FF7F5}.Debug|x86.Build.0 = Debug|Any CPU
		{5368297E-8B07-43DC-8B38-0FE6076FF7F5}.Release|Any CPU.ActiveCfg = Release|Any CPU
		{5368297E-8B07-43DC-8B38-0FE6076FF7F5}.Release|Any CPU.Build.0 = Release|Any CPU
		{5368297E-8B07-43DC-8B38-0FE6076FF7F5}.Release|x86.ActiveCfg = Release|Any CPU
		{5368297E-8B07-43DC-8B38-0FE6076FF7F5}.Release|x86.Build.0 = Release|Any CPU
		{CC7DCC30-2B0A-4C89-80F7-65ADBE08ECB5}.Debug|Any CPU.ActiveCfg = Debug|Any CPU
		{CC7DCC30-2B0A-4C89-80F7-65ADBE08ECB5}.Debug|Any CPU.Build.0 = Debug|Any CPU
		{CC7DCC30-2B0A-4C89-80F7-65ADBE08ECB5}.Debug|x86.ActiveCfg = Debug|Any CPU
		{CC7DCC30-2B0A-4C89-80F7-65ADBE08ECB5}.Debug|x86.Build.0 = Debug|Any CPU
		{CC7DCC30-2B0A-4C89-80F7-65ADBE08ECB5}.Release|Any CPU.ActiveCfg = Release|Any CPU
		{CC7DCC30-2B0A-4C89-80F7-65ADBE08ECB5}.Release|Any CPU.Build.0 = Release|Any CPU
		{CC7DCC30-2B0A-4C89-80F7-65ADBE08ECB5}.Release|x86.ActiveCfg = Release|Any CPU
		{CC7DCC30-2B0A-4C89-80F7-65ADBE08ECB5}.Release|x86.Build.0 = Release|Any CPU
		{4FFBBC2A-0F28-40D2-8213-56B0CC3773F0}.Debug|Any CPU.ActiveCfg = Debug|Any CPU
		{4FFBBC2A-0F28-40D2-8213-56B0CC3773F0}.Debug|Any CPU.Build.0 = Debug|Any CPU
		{4FFBBC2A-0F28-40D2-8213-56B0CC3773F0}.Debug|x86.ActiveCfg = Debug|Any CPU
		{4FFBBC2A-0F28-40D2-8213-56B0CC3773F0}.Debug|x86.Build.0 = Debug|Any CPU
		{4FFBBC2A-0F28-40D2-8213-56B0CC3773F0}.Release|Any CPU.ActiveCfg = Release|Any CPU
		{4FFBBC2A-0F28-40D2-8213-56B0CC3773F0}.Release|Any CPU.Build.0 = Release|Any CPU
		{4FFBBC2A-0F28-40D2-8213-56B0CC3773F0}.Release|x86.ActiveCfg = Release|Any CPU
		{4FFBBC2A-0F28-40D2-8213-56B0CC3773F0}.Release|x86.Build.0 = Release|Any CPU
		{83AD9B2E-A3BB-49D9-9302-A3B961A59181}.Debug|Any CPU.ActiveCfg = Debug|Any CPU
		{83AD9B2E-A3BB-49D9-9302-A3B961A59181}.Debug|Any CPU.Build.0 = Debug|Any CPU
		{83AD9B2E-A3BB-49D9-9302-A3B961A59181}.Debug|x86.ActiveCfg = Debug|Any CPU
		{83AD9B2E-A3BB-49D9-9302-A3B961A59181}.Debug|x86.Build.0 = Debug|Any CPU
		{83AD9B2E-A3BB-49D9-9302-A3B961A59181}.Release|Any CPU.ActiveCfg = Release|Any CPU
		{83AD9B2E-A3BB-49D9-9302-A3B961A59181}.Release|Any CPU.Build.0 = Release|Any CPU
		{83AD9B2E-A3BB-49D9-9302-A3B961A59181}.Release|x86.ActiveCfg = Release|Any CPU
		{83AD9B2E-A3BB-49D9-9302-A3B961A59181}.Release|x86.Build.0 = Release|Any CPU
		{8F613F0B-9893-46CC-8D41-7D3EBA19A1A3}.Debug|Any CPU.ActiveCfg = Debug|Any CPU
		{8F613F0B-9893-46CC-8D41-7D3EBA19A1A3}.Debug|Any CPU.Build.0 = Debug|Any CPU
		{8F613F0B-9893-46CC-8D41-7D3EBA19A1A3}.Debug|x86.ActiveCfg = Debug|Any CPU
		{8F613F0B-9893-46CC-8D41-7D3EBA19A1A3}.Debug|x86.Build.0 = Debug|Any CPU
		{8F613F0B-9893-46CC-8D41-7D3EBA19A1A3}.Release|Any CPU.ActiveCfg = Release|Any CPU
		{8F613F0B-9893-46CC-8D41-7D3EBA19A1A3}.Release|Any CPU.Build.0 = Release|Any CPU
		{8F613F0B-9893-46CC-8D41-7D3EBA19A1A3}.Release|x86.ActiveCfg = Release|Any CPU
		{8F613F0B-9893-46CC-8D41-7D3EBA19A1A3}.Release|x86.Build.0 = Release|Any CPU
		{BF448196-7505-4035-A792-A104EF47B313}.Debug|Any CPU.ActiveCfg = Debug|Any CPU
		{BF448196-7505-4035-A792-A104EF47B313}.Debug|Any CPU.Build.0 = Debug|Any CPU
		{BF448196-7505-4035-A792-A104EF47B313}.Debug|x86.ActiveCfg = Debug|Any CPU
		{BF448196-7505-4035-A792-A104EF47B313}.Debug|x86.Build.0 = Debug|Any CPU
		{BF448196-7505-4035-A792-A104EF47B313}.Release|Any CPU.ActiveCfg = Release|Any CPU
		{BF448196-7505-4035-A792-A104EF47B313}.Release|Any CPU.Build.0 = Release|Any CPU
		{BF448196-7505-4035-A792-A104EF47B313}.Release|x86.ActiveCfg = Release|Any CPU
		{BF448196-7505-4035-A792-A104EF47B313}.Release|x86.Build.0 = Release|Any CPU
		{851185BD-AC5B-4A76-A8C1-F127104ADAAF}.Debug|Any CPU.ActiveCfg = Debug|Any CPU
		{851185BD-AC5B-4A76-A8C1-F127104ADAAF}.Debug|Any CPU.Build.0 = Debug|Any CPU
		{851185BD-AC5B-4A76-A8C1-F127104ADAAF}.Debug|x86.ActiveCfg = Debug|Any CPU
		{851185BD-AC5B-4A76-A8C1-F127104ADAAF}.Debug|x86.Build.0 = Debug|Any CPU
		{851185BD-AC5B-4A76-A8C1-F127104ADAAF}.Release|Any CPU.ActiveCfg = Release|Any CPU
		{851185BD-AC5B-4A76-A8C1-F127104ADAAF}.Release|Any CPU.Build.0 = Release|Any CPU
		{851185BD-AC5B-4A76-A8C1-F127104ADAAF}.Release|x86.ActiveCfg = Release|Any CPU
		{851185BD-AC5B-4A76-A8C1-F127104ADAAF}.Release|x86.Build.0 = Release|Any CPU
		{4AC840A0-2663-4061-8669-307422CE8CA3}.Debug|Any CPU.ActiveCfg = Debug|Any CPU
		{4AC840A0-2663-4061-8669-307422CE8CA3}.Debug|Any CPU.Build.0 = Debug|Any CPU
		{4AC840A0-2663-4061-8669-307422CE8CA3}.Debug|x86.ActiveCfg = Debug|Any CPU
		{4AC840A0-2663-4061-8669-307422CE8CA3}.Debug|x86.Build.0 = Debug|Any CPU
		{4AC840A0-2663-4061-8669-307422CE8CA3}.Release|Any CPU.ActiveCfg = Release|Any CPU
		{4AC840A0-2663-4061-8669-307422CE8CA3}.Release|Any CPU.Build.0 = Release|Any CPU
		{4AC840A0-2663-4061-8669-307422CE8CA3}.Release|x86.ActiveCfg = Release|Any CPU
		{4AC840A0-2663-4061-8669-307422CE8CA3}.Release|x86.Build.0 = Release|Any CPU
		{7450E022-C7FE-49A1-A527-877C6830F0A3}.Debug|Any CPU.ActiveCfg = Debug|Any CPU
		{7450E022-C7FE-49A1-A527-877C6830F0A3}.Debug|Any CPU.Build.0 = Debug|Any CPU
		{7450E022-C7FE-49A1-A527-877C6830F0A3}.Debug|x86.ActiveCfg = Debug|Any CPU
		{7450E022-C7FE-49A1-A527-877C6830F0A3}.Debug|x86.Build.0 = Debug|Any CPU
		{7450E022-C7FE-49A1-A527-877C6830F0A3}.Release|Any CPU.ActiveCfg = Release|Any CPU
		{7450E022-C7FE-49A1-A527-877C6830F0A3}.Release|Any CPU.Build.0 = Release|Any CPU
		{7450E022-C7FE-49A1-A527-877C6830F0A3}.Release|x86.ActiveCfg = Release|Any CPU
		{7450E022-C7FE-49A1-A527-877C6830F0A3}.Release|x86.Build.0 = Release|Any CPU
		{8A775645-8CBB-426F-89F5-0FA46EDE4353}.Debug|Any CPU.ActiveCfg = Debug|Any CPU
		{8A775645-8CBB-426F-89F5-0FA46EDE4353}.Debug|Any CPU.Build.0 = Debug|Any CPU
		{8A775645-8CBB-426F-89F5-0FA46EDE4353}.Debug|x86.ActiveCfg = Debug|Any CPU
		{8A775645-8CBB-426F-89F5-0FA46EDE4353}.Debug|x86.Build.0 = Debug|Any CPU
		{8A775645-8CBB-426F-89F5-0FA46EDE4353}.Release|Any CPU.ActiveCfg = Release|Any CPU
		{8A775645-8CBB-426F-89F5-0FA46EDE4353}.Release|Any CPU.Build.0 = Release|Any CPU
		{8A775645-8CBB-426F-89F5-0FA46EDE4353}.Release|x86.ActiveCfg = Release|Any CPU
		{8A775645-8CBB-426F-89F5-0FA46EDE4353}.Release|x86.Build.0 = Release|Any CPU
		{E33C27AA-CBEF-42B0-ADB3-160313FE5404}.Debug|Any CPU.ActiveCfg = Debug|Any CPU
		{E33C27AA-CBEF-42B0-ADB3-160313FE5404}.Debug|Any CPU.Build.0 = Debug|Any CPU
		{E33C27AA-CBEF-42B0-ADB3-160313FE5404}.Debug|x86.ActiveCfg = Debug|x86
		{E33C27AA-CBEF-42B0-ADB3-160313FE5404}.Debug|x86.Build.0 = Debug|x86
		{E33C27AA-CBEF-42B0-ADB3-160313FE5404}.Release|Any CPU.ActiveCfg = Release|Any CPU
		{E33C27AA-CBEF-42B0-ADB3-160313FE5404}.Release|Any CPU.Build.0 = Release|Any CPU
		{E33C27AA-CBEF-42B0-ADB3-160313FE5404}.Release|x86.ActiveCfg = Release|x86
		{E33C27AA-CBEF-42B0-ADB3-160313FE5404}.Release|x86.Build.0 = Release|x86
		{A13EF7FE-2ED1-479D-B8A5-2DF5F5F957E3}.Debug|Any CPU.ActiveCfg = Debug|Any CPU
		{A13EF7FE-2ED1-479D-B8A5-2DF5F5F957E3}.Debug|Any CPU.Build.0 = Debug|Any CPU
		{A13EF7FE-2ED1-479D-B8A5-2DF5F5F957E3}.Debug|x86.ActiveCfg = Debug|Any CPU
		{A13EF7FE-2ED1-479D-B8A5-2DF5F5F957E3}.Debug|x86.Build.0 = Debug|Any CPU
		{A13EF7FE-2ED1-479D-B8A5-2DF5F5F957E3}.Release|Any CPU.ActiveCfg = Release|Any CPU
		{A13EF7FE-2ED1-479D-B8A5-2DF5F5F957E3}.Release|Any CPU.Build.0 = Release|Any CPU
		{A13EF7FE-2ED1-479D-B8A5-2DF5F5F957E3}.Release|x86.ActiveCfg = Release|Any CPU
		{A13EF7FE-2ED1-479D-B8A5-2DF5F5F957E3}.Release|x86.Build.0 = Release|Any CPU
	EndGlobalSection
	GlobalSection(SolutionProperties) = preSolution
		HideSolutionNode = FALSE
	EndGlobalSection
	GlobalSection(NestedProjects) = preSolution
		{6B3AD624-820E-4ADE-B5AB-81DAED54D0B6} = {3C01D090-5A24-439D-A654-BB903238D440}
		{E0C708F5-DCC8-4098-ABBD-2DD9D2766F1B} = {24931EB6-184E-42D8-91A4-541A16E94BFE}
		{21CDC162-FD9B-4A9B-9E70-A5D0AA27BB4C} = {24931EB6-184E-42D8-91A4-541A16E94BFE}
		{B9AD9D57-8F62-43BE-8E26-F80EC8550413} = {06440465-74C8-42B9-9187-C8F3ADD9E635}
		{1D81E4AD-D068-4BE5-BB0F-FA653DD16FD1} = {06440465-74C8-42B9-9187-C8F3ADD9E635}
		{648EE63C-D790-4FA5-927D-DD3A3EC06469} = {5BD1DF91-B612-4E3B-B7A8-BC6F422D4C11}
		{24931EB6-184E-42D8-91A4-541A16E94BFE} = {648EE63C-D790-4FA5-927D-DD3A3EC06469}
		{3C01D090-5A24-439D-A654-BB903238D440} = {5BD1DF91-B612-4E3B-B7A8-BC6F422D4C11}
		{7368B848-14D4-431E-952F-AA1E440C607E} = {3C01D090-5A24-439D-A654-BB903238D440}
		{7CAF2A28-9A61-4A51-84BF-EC8164D88C68} = {5BD1DF91-B612-4E3B-B7A8-BC6F422D4C11}
		{06440465-74C8-42B9-9187-C8F3ADD9E635} = {5BD1DF91-B612-4E3B-B7A8-BC6F422D4C11}
		{E2343303-8F34-4F15-A21F-8CB0F94C0EE8} = {5BD1DF91-B612-4E3B-B7A8-BC6F422D4C11}
		{59C2E34F-2031-4F90-85F1-94A93453FCA7} = {3C01D090-5A24-439D-A654-BB903238D440}
		{600365EC-53A9-4526-AFB4-CDEE50677819} = {5BD1DF91-B612-4E3B-B7A8-BC6F422D4C11}
		{9938341E-6E0D-46F4-82C6-5C39549FF49F} = {600365EC-53A9-4526-AFB4-CDEE50677819}
		{3CE5D2DF-8BD1-4E16-9285-6C4AB690F00C} = {E2343303-8F34-4F15-A21F-8CB0F94C0EE8}
		{36645B1F-A702-4577-87A8-25BDB833515B} = {600365EC-53A9-4526-AFB4-CDEE50677819}
		{8774DA41-B1E4-44B5-AEB9-F02F43C115EE} = {3C01D090-5A24-439D-A654-BB903238D440}
		{EA459706-3DE6-4BC1-BDA8-866D564AB5AF} = {9938341E-6E0D-46F4-82C6-5C39549FF49F}
		{09B603C1-75F5-4ACC-9B96-22794ECA49DB} = {5BD1DF91-B612-4E3B-B7A8-BC6F422D4C11}
		{765B177F-E27C-4783-837E-33790940B7CF} = {A3DF3F42-93E3-43B3-A350-8A6FD887495B}
		{5FC8E3E5-4B69-40E8-BE20-367FE44319F8} = {FE8682F4-B53E-4C6A-A719-68F5A04FF1A4}
		{32196599-21C8-4176-BBC4-E95F013EC64D} = {A3DF3F42-93E3-43B3-A350-8A6FD887495B}
		{A3DF3F42-93E3-43B3-A350-8A6FD887495B} = {09B603C1-75F5-4ACC-9B96-22794ECA49DB}
		{FE8682F4-B53E-4C6A-A719-68F5A04FF1A4} = {09B603C1-75F5-4ACC-9B96-22794ECA49DB}
		{FBDE0B0D-2B83-42B3-A4BE-058C880BDF26} = {3D2AA0F4-0337-457D-933D-2C601410A9BC}
		{C6E56885-9222-430F-9F94-CA968E223E59} = {3D2AA0F4-0337-457D-933D-2C601410A9BC}
		{279390DA-1EC1-44A1-83CF-F4FD76AC055B} = {3D2AA0F4-0337-457D-933D-2C601410A9BC}
		{435554B2-0C51-4256-95DE-2B139F1B6204} = {3D2AA0F4-0337-457D-933D-2C601410A9BC}
		{5368297E-8B07-43DC-8B38-0FE6076FF7F5} = {3D2AA0F4-0337-457D-933D-2C601410A9BC}
		{CC7DCC30-2B0A-4C89-80F7-65ADBE08ECB5} = {3D2AA0F4-0337-457D-933D-2C601410A9BC}
		{4FFBBC2A-0F28-40D2-8213-56B0CC3773F0} = {3D2AA0F4-0337-457D-933D-2C601410A9BC}
		{83AD9B2E-A3BB-49D9-9302-A3B961A59181} = {3D2AA0F4-0337-457D-933D-2C601410A9BC}
		{8F613F0B-9893-46CC-8D41-7D3EBA19A1A3} = {5C680857-3F2E-458E-9558-6E717EEF67A5}
		{5C680857-3F2E-458E-9558-6E717EEF67A5} = {A2FD60A3-5ECB-4B53-AABB-A5F8A668B8A7}
		{A2FD60A3-5ECB-4B53-AABB-A5F8A668B8A7} = {AD3A6781-2C33-4DD3-B7FF-0E3E8371BB5F}
		{4BB73D77-7BFA-4E1F-8DDF-0300C0AE543F} = {A2FD60A3-5ECB-4B53-AABB-A5F8A668B8A7}
		{BF448196-7505-4035-A792-A104EF47B313} = {3C01D090-5A24-439D-A654-BB903238D440}
		{851185BD-AC5B-4A76-A8C1-F127104ADAAF} = {7CAF2A28-9A61-4A51-84BF-EC8164D88C68}
		{4AC840A0-2663-4061-8669-307422CE8CA3} = {7CAF2A28-9A61-4A51-84BF-EC8164D88C68}
		{7450E022-C7FE-49A1-A527-877C6830F0A3} = {5C680857-3F2E-458E-9558-6E717EEF67A5}
		{3D2AA0F4-0337-457D-933D-2C601410A9BC} = {AD3A6781-2C33-4DD3-B7FF-0E3E8371BB5F}
		{BED56284-9BD1-41F6-8EE0-A62C6A3F30B6} = {648EE63C-D790-4FA5-927D-DD3A3EC06469}
		{8A775645-8CBB-426F-89F5-0FA46EDE4353} = {8176C86C-AF42-4D23-BF2B-405DB4ACCB84}
		{8176C86C-AF42-4D23-BF2B-405DB4ACCB84} = {A3DF3F42-93E3-43B3-A350-8A6FD887495B}
		{E33C27AA-CBEF-42B0-ADB3-160313FE5404} = {BED56284-9BD1-41F6-8EE0-A62C6A3F30B6}
		{A13EF7FE-2ED1-479D-B8A5-2DF5F5F957E3} = {8176C86C-AF42-4D23-BF2B-405DB4ACCB84}
	EndGlobalSection
EndGlobal
