Microsoft Visual Studio Solution File, Format Version 12.00
# Visual Studio 14
VisualStudioVersion = 14.0.25420.1
MinimumVisualStudioVersion = 10.0.40219.1
Project("{2150E333-8FDC-42A3-9474-1A3956D46DE8}") = "00.Solution Items", "00.Solution Items", "{5492C79B-BF91-44BB-BA2B-75EB5D94BD9C}"
	ProjectSection(SolutionItems) = preProject
		codeMap.dgml = codeMap.dgml
	EndProjectSection
EndProject
Project("{FAE04EC0-301F-11D3-BF4B-00C04F79EFBC}") = "JP.Base.Common.Exceptions", "BaseLibs\JP.Base.Common.Exceptions\JP.Base.Common.Exceptions.csproj", "{6B3AD624-820E-4ADE-B5AB-81DAED54D0B6}"
EndProject
Project("{FAE04EC0-301F-11D3-BF4B-00C04F79EFBC}") = "JP.Base.DAL.EF6", "BaseLibs\JP.Base.DAL.EF6\JP.Base.DAL.EF6.csproj", "{E0C708F5-DCC8-4098-ABBD-2DD9D2766F1B}"
EndProject
Project("{FAE04EC0-301F-11D3-BF4B-00C04F79EFBC}") = "JP.Base.DAL.EF6.Repositories", "BaseLibs\JP.Base.DAL.EF6.Repositories\JP.Base.DAL.EF6.Repositories.csproj", "{21CDC162-FD9B-4A9B-9E70-A5D0AA27BB4C}"
EndProject
Project("{FAE04EC0-301F-11D3-BF4B-00C04F79EFBC}") = "JP.Base.Logic.ModelValidator", "BaseLibs\JP.Base.Logic.ModelValidator\JP.Base.Logic.ModelValidator.csproj", "{B9AD9D57-8F62-43BE-8E26-F80EC8550413}"
EndProject
Project("{FAE04EC0-301F-11D3-BF4B-00C04F79EFBC}") = "JP.Base.Logic.Search", "BaseLibs\JP.Base.Logic.Search\JP.Base.Logic.Search.csproj", "{1D81E4AD-D068-4BE5-BB0F-FA653DD16FD1}"
EndProject
Project("{2150E333-8FDC-42A3-9474-1A3956D46DE8}") = "01.JP.base.dal", "01.JP.base.dal", "{648EE63C-D790-4FA5-927D-DD3A3EC06469}"
EndProject
Project("{2150E333-8FDC-42A3-9474-1A3956D46DE8}") = "ef6", "ef6", "{24931EB6-184E-42D8-91A4-541A16E94BFE}"
EndProject
Project("{2150E333-8FDC-42A3-9474-1A3956D46DE8}") = "03.JP.base.common", "03.JP.base.common", "{3C01D090-5A24-439D-A654-BB903238D440}"
EndProject
Project("{FAE04EC0-301F-11D3-BF4B-00C04F79EFBC}") = "JP.Base.Common.EmailSending", "BaseLibs\JP.Base.Common.EmailSending\JP.Base.Common.EmailSending.csproj", "{7368B848-14D4-431E-952F-AA1E440C607E}"
EndProject
Project("{2150E333-8FDC-42A3-9474-1A3956D46DE8}") = "04.JP.base.exceptions", "04.JP.base.exceptions", "{7CAF2A28-9A61-4A51-84BF-EC8164D88C68}"
EndProject
Project("{2150E333-8FDC-42A3-9474-1A3956D46DE8}") = "02.JP.base.logic", "02.JP.base.logic", "{06440465-74C8-42B9-9187-C8F3ADD9E635}"
EndProject
Project("{2150E333-8FDC-42A3-9474-1A3956D46DE8}") = "06.JP.base.mvp", "06.JP.base.mvp", "{E2343303-8F34-4F15-A21F-8CB0F94C0EE8}"
EndProject
Project("{FAE04EC0-301F-11D3-BF4B-00C04F79EFBC}") = "JP.Base.Common.Forms", "BaseLibs\JP.Base.Common.Forms\JP.Base.Common.Forms.csproj", "{59C2E34F-2031-4F90-85F1-94A93453FCA7}"
EndProject
Project("{2150E333-8FDC-42A3-9474-1A3956D46DE8}") = "05.JP.base.forms.GenericCRUD", "05.JP.base.forms.GenericCRUD", "{600365EC-53A9-4526-AFB4-CDEE50677819}"
EndProject
Project("{2150E333-8FDC-42A3-9474-1A3956D46DE8}") = "dependencies", "dependencies", "{9938341E-6E0D-46F4-82C6-5C39549FF49F}"
EndProject
Project("{FAE04EC0-301F-11D3-BF4B-00C04F79EFBC}") = "JP.Base.MVP", "BaseLibs\JP.Base.MVP\JP.Base.MVP.csproj", "{3CE5D2DF-8BD1-4E16-9285-6C4AB690F00C}"
EndProject
Project("{FAE04EC0-301F-11D3-BF4B-00C04F79EFBC}") = "JP.Base.Forms.GenericCRUD", "BaseLibs\JP.Base.Forms.GenericCRUD\JP.Base.Forms.GenericCRUD.csproj", "{36645B1F-A702-4577-87A8-25BDB833515B}"
EndProject
Project("{FAE04EC0-301F-11D3-BF4B-00C04F79EFBC}") = "JP.Base.Common.Extensions", "BaseLibs\JP.Base.Common.Extensions\JP.Common.Extensions\JP.Base.Common.Extensions.csproj", "{8774DA41-B1E4-44B5-AEB9-F02F43C115EE}"
EndProject
Project("{FAE04EC0-301F-11D3-BF4B-00C04F79EFBC}") = "NJFLib.Controls.CollapsibleSplitter", "BaseLibs\JP.Base.Forms.GenericCRUD\Dependencies\NJFLib.Controls.CollapsibleSplitter\NJFLib.Controls.CollapsibleSplitter.csproj", "{EA459706-3DE6-4BC1-BDA8-866D564AB5AF}"
EndProject
Project("{2150E333-8FDC-42A3-9474-1A3956D46DE8}") = "02.Base.Libraries.Implementations", "02.Base.Libraries.Implementations", "{AD3A6781-2C33-4DD3-B7FF-0E3E8371BB5F}"
EndProject
Project("{FAE04EC0-301F-11D3-BF4B-00C04F79EFBC}") = "JP.Base.DAL.EF6.Model", "Implementations\JP.Base.DAL.EF6.Model\JP.Base.DAL.EF6.Model.csproj", "{FBDE0B0D-2B83-42B3-A4BE-058C880BDF26}"
EndProject
Project("{FAE04EC0-301F-11D3-BF4B-00C04F79EFBC}") = "JP.Base.DAL.EF6.Repositories.Implementation", "Implementations\JP.Base.DAL.EF6.Repositories.Implementation\JP.Base.DAL.EF6.Repositories.Implementation.csproj", "{C6E56885-9222-430F-9F94-CA968E223E59}"
EndProject
Project("{FAE04EC0-301F-11D3-BF4B-00C04F79EFBC}") = "JP.Base.DAL.EF6.UnitOfWork", "Implementations\JP.Base.DAL.EF6.UnitOfWork\JP.Base.DAL.EF6.UnitOfWork.csproj", "{279390DA-1EC1-44A1-83CF-F4FD76AC055B}"
EndProject
Project("{FAE04EC0-301F-11D3-BF4B-00C04F79EFBC}") = "JP.Base.MVP.Implementation", "Implementations\JP.Base.MVP.Implementation\JP.Base.MVP.Implementation.csproj", "{5368297E-8B07-43DC-8B38-0FE6076FF7F5}"
EndProject
Project("{FAE04EC0-301F-11D3-BF4B-00C04F79EFBC}") = "JP.Base.MVP.Implementation.Support", "Implementations\JP.Base.MVP.Implementation.Support\JP.Base.MVP.Implementation.Support.csproj", "{CC7DCC30-2B0A-4C89-80F7-65ADBE08ECB5}"
EndProject
Project("{FAE04EC0-301F-11D3-BF4B-00C04F79EFBC}") = "JP.Base.MVP.Implementation.Winforms", "Implementations\JP.Base.MVP.Implementation.Winforms\JP.Base.MVP.Implementation.Winforms.csproj", "{4FFBBC2A-0F28-40D2-8213-56B0CC3773F0}"
EndProject
Project("{2150E333-8FDC-42A3-9474-1A3956D46DE8}") = "01.Base.Libraries", "01.Base.Libraries", "{5BD1DF91-B612-4E3B-B7A8-BC6F422D4C11}"
EndProject
Project("{FAE04EC0-301F-11D3-BF4B-00C04F79EFBC}") = "JP.Base.Common.Exceptions.Parsing", "BaseLibs\JP.Base.Common.Exceptions.Parsing\JP.Base.Common.Exceptions.Parsing.csproj", "{BF448196-7505-4035-A792-A104EF47B313}"
EndProject
Project("{FAE04EC0-301F-11D3-BF4B-00C04F79EFBC}") = "JP.Base.Exceptions.Logging", "BaseLibs\JP.Base.Exceptions.Logging\JP.Base.Exceptions.Logging.csproj", "{851185BD-AC5B-4A76-A8C1-F127104ADAAF}"
EndProject
Project("{FAE04EC0-301F-11D3-BF4B-00C04F79EFBC}") = "JP.Base.Exceptions.Winforms", "BaseLibs\JP.Base.Exceptions.Winforms\JP.Base.Exceptions.Winforms.csproj", "{4AC840A0-2663-4061-8669-307422CE8CA3}"
EndProject
Project("{2150E333-8FDC-42A3-9474-1A3956D46DE8}") = "ADO", "ADO", "{BED56284-9BD1-41F6-8EE0-A62C6A3F30B6}"
EndProject
Project("{FAE04EC0-301F-11D3-BF4B-00C04F79EFBC}") = "JP.Base.DAL.ADO", "BaseLibs\JP.Base.DAL.ADO\JP.Base.DAL.ADO.csproj", "{E33C27AA-CBEF-42B0-ADB3-160313FE5404}"
EndProject
Project("{FAE04EC0-301F-11D3-BF4B-00C04F79EFBC}") = "JP.Base.DAL.Model", "Implementations\JP.Base.DAL.Model\JP.Base.DAL.Model.csproj", "{A5E1CFA2-1A9A-488C-8780-50E16D2FEAFA}"
EndProject
Project("{FAE04EC0-301F-11D3-BF4B-00C04F79EFBC}") = "JP.Base.DAL.UnitOfWork", "BaseLibs\JP.Base.DAL.UnitOfWork\JP.Base.DAL.UnitOfWork.csproj", "{8C805FBE-D496-44B1-A3AC-A3066FC34204}"
EndProject
Project("{FAE04EC0-301F-11D3-BF4B-00C04F79EFBC}") = "JP.Base.Logic", "BaseLibs\JP.Base.Logic\JP.Base.Logic.csproj", "{435554B2-0C51-4256-95DE-2B139F1B6204}"
EndProject
Project("{FAE04EC0-301F-11D3-BF4B-00C04F79EFBC}") = "JP.Base.ViewModel", "BaseLibs\JP.Base.ViewModel\JP.Base.ViewModel.csproj", "{83AD9B2E-A3BB-49D9-9302-A3B961A59181}"
EndProject
Project("{FAE04EC0-301F-11D3-BF4B-00C04F79EFBC}") = "JP.Base.Logic.EF6", "Implementations\JP.Base.Logic.EF6\JP.Base.Logic.EF6.csproj", "{7C9FAAF1-BBC5-4F18-AB8E-D61778179D25}"
EndProject
Project("{FAE04EC0-301F-11D3-BF4B-00C04F79EFBC}") = "JP.Base.DAL.ADO.UnitOfWork", "Implementations\JP.Base.DAL.ADO.UnitOfWork\JP.Base.DAL.ADO.UnitOfWork.csproj", "{260078AF-579D-426F-A4B7-CF07E16C4390}"
EndProject
Project("{FAE04EC0-301F-11D3-BF4B-00C04F79EFBC}") = "JP.Base.DAL.ADO.Repositories.Implementation", "Implementations\JP.Base.DAL.ADO.Repositories.Implementation\JP.Base.DAL.ADO.Repositories.Implementation.csproj", "{0D46A999-CAAB-4B28-8B00-907AD75288AF}"
EndProject
Project("{FAE04EC0-301F-11D3-BF4B-00C04F79EFBC}") = "JP.Base.DAL.ADO.Repositories", "BaseLibs\JP.Base.DAL.ADO.Repositories\JP.Base.DAL.ADO.Repositories.csproj", "{44AAD56F-C424-483D-A107-4161D68B5EFD}"
EndProject
Project("{FAE04EC0-301F-11D3-BF4B-00C04F79EFBC}") = "JP.Base.DAL.Repositories", "BaseLibs\JP.Base.DAL.Repositories\JP.Base.DAL.Repositories.csproj", "{09AC9317-01BC-4881-A495-32AB0402A4DF}"
EndProject
Project("{FAE04EC0-301F-11D3-BF4B-00C04F79EFBC}") = "JP.Base.DAL.ADO.Commands", "BaseLibs\JP.Base.DAL.ADO.Commands\JP.Base.DAL.ADO.Commands.csproj", "{F063181C-788F-4F0B-B73A-11D4AA080458}"
EndProject
Project("{FAE04EC0-301F-11D3-BF4B-00C04F79EFBC}") = "JP.Base.Logic.ADO", "Implementations\JP.Base.Logic.ADO\JP.Base.Logic.ADO.csproj", "{C1518B77-35AD-4ADC-A803-CD36EF340BEB}"
EndProject
Project("{2150E333-8FDC-42A3-9474-1A3956D46DE8}") = "03.Base.Libraries.Tests", "03.Base.Libraries.Tests", "{ACE1A5CF-81D1-48AD-B577-7346B7F9BB30}"
EndProject
Project("{2150E333-8FDC-42A3-9474-1A3956D46DE8}") = "04.Base.Libraries.POCs", "04.Base.Libraries.POCs", "{FA71D57F-A75F-4CF9-AB05-D489397887FC}"
EndProject
Project("{FAE04EC0-301F-11D3-BF4B-00C04F79EFBC}") = "JP.Base.DAL.ADO.Tests", "Tests\JP.Base.DAL.ADO.Tests\JP.Base.DAL.ADO.Tests.csproj", "{7BB4F105-FF66-4AE8-96EB-F889C2EEB63B}"
EndProject
Project("{FAE04EC0-301F-11D3-BF4B-00C04F79EFBC}") = "JP.Base.EmailSending.TestDrive", "Tests\JP.Base.EmailSending.Tests\JP.Base.EmailSending.TestDrive.csproj", "{765B177F-E27C-4783-837E-33790940B7CF}"
EndProject
Project("{FAE04EC0-301F-11D3-BF4B-00C04F79EFBC}") = "JP.Base.Errors.Common.Tests", "Tests\JP.Base.Common.Errors.Tests\JP.Base.Errors.Common.Tests.csproj", "{5FC8E3E5-4B69-40E8-BE20-367FE44319F8}"
EndProject
Project("{FAE04EC0-301F-11D3-BF4B-00C04F79EFBC}") = "ADO.DAL.POC", "POCs\ADO.DAL.POC\ADO.DAL.POC.csproj", "{A13EF7FE-2ED1-479D-B8A5-2DF5F5F957E3}"
EndProject
Project("{FAE04EC0-301F-11D3-BF4B-00C04F79EFBC}") = "Implementations.POC.Logic.ADO", "POCs\Implementations.POC.Logic.ADO\Implementations.POC.Logic.ADO.csproj", "{D3D30B30-C61B-4020-AA47-164158F49D21}"
EndProject
Project("{FAE04EC0-301F-11D3-BF4B-00C04F79EFBC}") = "Implementations.POC.Logic.EF6", "POCs\Implementations.POC.Logic.EF6\Implementations.POC.Logic.EF6.csproj", "{A85AF198-8D3C-4508-A4E0-BCCE6C86257B}"
EndProject
Project("{FAE04EC0-301F-11D3-BF4B-00C04F79EFBC}") = "ImplementingUserControls", "POCs\ImplementingUserControls\ImplementingUserControls.csproj", "{7450E022-C7FE-49A1-A527-877C6830F0A3}"
EndProject
Project("{FAE04EC0-301F-11D3-BF4B-00C04F79EFBC}") = "JP.Base.Errors.Logging.TestDrive", "POCs\JP.Base.Exceptions.Logging.TestDrive\JP.Base.Errors.Logging.TestDrive.csproj", "{2DA3FB1C-9BD9-411A-8CBE-E7F2CDF5CB7D}"
EndProject
Project("{FAE04EC0-301F-11D3-BF4B-00C04F79EFBC}") = "JP.Base.Exceptions.Logging.TestDrive", "POCs\JP.Base.Exceptions.Logging.TestDrive\JP.Base.Exceptions.Logging.TestDrive.csproj", "{FC4B788B-E87B-4FF1-8711-621C744C3711}"
EndProject
Project("{FAE04EC0-301F-11D3-BF4B-00C04F79EFBC}") = "JP.Base.Exceptions.Winforms.TestDrive", "POCs\JP.Base.Exceptions.Winforms.TestDrive\JP.Base.Exceptions.Winforms.TestDrive.csproj", "{55C7ECE7-9F2B-4F26-B4BC-1E2A9D300A01}"
EndProject
Project("{FAE04EC0-301F-11D3-BF4B-00C04F79EFBC}") = "JP.Base.Forms.GenericCRUD.TestDrive", "POCs\JP.Base.Forms.GenericCRUD.TestDrive\JP.Base.Forms.GenericCRUD.TestDrive.csproj", "{32196599-21C8-4176-BBC4-E95F013EC64D}"
EndProject
Project("{FAE04EC0-301F-11D3-BF4B-00C04F79EFBC}") = "MVPWithLog4Net", "POCs\MVPWithLog4Net\MVPWithLog4Net.csproj", "{8F613F0B-9893-46CC-8D41-7D3EBA19A1A3}"
EndProject
Project("{FAE04EC0-301F-11D3-BF4B-00C04F79EFBC}") = "JP.Base.DAL.ADO.CommandMapper", "BaseLibs\JP.Base.DAL.ADO.CommandMapper\JP.Base.DAL.ADO.CommandMapper.csproj", "{06610113-2E17-4F67-BA82-25DEE667D44B}"
EndProject
Global
	GlobalSection(SolutionConfigurationPlatforms) = preSolution
		Debug|Any CPU = Debug|Any CPU
		Debug|x86 = Debug|x86
		Release|Any CPU = Release|Any CPU
		Release|x86 = Release|x86
	EndGlobalSection
	GlobalSection(ProjectConfigurationPlatforms) = postSolution
		{6B3AD624-820E-4ADE-B5AB-81DAED54D0B6}.Debug|Any CPU.ActiveCfg = Debug|Any CPU
		{6B3AD624-820E-4ADE-B5AB-81DAED54D0B6}.Debug|Any CPU.Build.0 = Debug|Any CPU
		{6B3AD624-820E-4ADE-B5AB-81DAED54D0B6}.Debug|x86.ActiveCfg = Debug|Any CPU
		{6B3AD624-820E-4ADE-B5AB-81DAED54D0B6}.Debug|x86.Build.0 = Debug|Any CPU
		{6B3AD624-820E-4ADE-B5AB-81DAED54D0B6}.Release|Any CPU.ActiveCfg = Release|Any CPU
		{6B3AD624-820E-4ADE-B5AB-81DAED54D0B6}.Release|Any CPU.Build.0 = Release|Any CPU
		{6B3AD624-820E-4ADE-B5AB-81DAED54D0B6}.Release|x86.ActiveCfg = Release|Any CPU
		{6B3AD624-820E-4ADE-B5AB-81DAED54D0B6}.Release|x86.Build.0 = Release|Any CPU
		{E0C708F5-DCC8-4098-ABBD-2DD9D2766F1B}.Debug|Any CPU.ActiveCfg = Debug|Any CPU
		{E0C708F5-DCC8-4098-ABBD-2DD9D2766F1B}.Debug|Any CPU.Build.0 = Debug|Any CPU
		{E0C708F5-DCC8-4098-ABBD-2DD9D2766F1B}.Debug|x86.ActiveCfg = Debug|Any CPU
		{E0C708F5-DCC8-4098-ABBD-2DD9D2766F1B}.Debug|x86.Build.0 = Debug|Any CPU
		{E0C708F5-DCC8-4098-ABBD-2DD9D2766F1B}.Release|Any CPU.ActiveCfg = Release|Any CPU
		{E0C708F5-DCC8-4098-ABBD-2DD9D2766F1B}.Release|Any CPU.Build.0 = Release|Any CPU
		{E0C708F5-DCC8-4098-ABBD-2DD9D2766F1B}.Release|x86.ActiveCfg = Release|Any CPU
		{E0C708F5-DCC8-4098-ABBD-2DD9D2766F1B}.Release|x86.Build.0 = Release|Any CPU
		{21CDC162-FD9B-4A9B-9E70-A5D0AA27BB4C}.Debug|Any CPU.ActiveCfg = Debug|Any CPU
		{21CDC162-FD9B-4A9B-9E70-A5D0AA27BB4C}.Debug|Any CPU.Build.0 = Debug|Any CPU
		{21CDC162-FD9B-4A9B-9E70-A5D0AA27BB4C}.Debug|x86.ActiveCfg = Debug|Any CPU
		{21CDC162-FD9B-4A9B-9E70-A5D0AA27BB4C}.Debug|x86.Build.0 = Debug|Any CPU
		{21CDC162-FD9B-4A9B-9E70-A5D0AA27BB4C}.Release|Any CPU.ActiveCfg = Release|Any CPU
		{21CDC162-FD9B-4A9B-9E70-A5D0AA27BB4C}.Release|Any CPU.Build.0 = Release|Any CPU
		{21CDC162-FD9B-4A9B-9E70-A5D0AA27BB4C}.Release|x86.ActiveCfg = Release|Any CPU
		{21CDC162-FD9B-4A9B-9E70-A5D0AA27BB4C}.Release|x86.Build.0 = Release|Any CPU
		{B9AD9D57-8F62-43BE-8E26-F80EC8550413}.Debug|Any CPU.ActiveCfg = Debug|Any CPU
		{B9AD9D57-8F62-43BE-8E26-F80EC8550413}.Debug|Any CPU.Build.0 = Debug|Any CPU
		{B9AD9D57-8F62-43BE-8E26-F80EC8550413}.Debug|x86.ActiveCfg = Debug|Any CPU
		{B9AD9D57-8F62-43BE-8E26-F80EC8550413}.Debug|x86.Build.0 = Debug|Any CPU
		{B9AD9D57-8F62-43BE-8E26-F80EC8550413}.Release|Any CPU.ActiveCfg = Release|Any CPU
		{B9AD9D57-8F62-43BE-8E26-F80EC8550413}.Release|Any CPU.Build.0 = Release|Any CPU
		{B9AD9D57-8F62-43BE-8E26-F80EC8550413}.Release|x86.ActiveCfg = Release|Any CPU
		{B9AD9D57-8F62-43BE-8E26-F80EC8550413}.Release|x86.Build.0 = Release|Any CPU
		{1D81E4AD-D068-4BE5-BB0F-FA653DD16FD1}.Debug|Any CPU.ActiveCfg = Debug|Any CPU
		{1D81E4AD-D068-4BE5-BB0F-FA653DD16FD1}.Debug|Any CPU.Build.0 = Debug|Any CPU
		{1D81E4AD-D068-4BE5-BB0F-FA653DD16FD1}.Debug|x86.ActiveCfg = Debug|Any CPU
		{1D81E4AD-D068-4BE5-BB0F-FA653DD16FD1}.Debug|x86.Build.0 = Debug|Any CPU
		{1D81E4AD-D068-4BE5-BB0F-FA653DD16FD1}.Release|Any CPU.ActiveCfg = Release|Any CPU
		{1D81E4AD-D068-4BE5-BB0F-FA653DD16FD1}.Release|Any CPU.Build.0 = Release|Any CPU
		{1D81E4AD-D068-4BE5-BB0F-FA653DD16FD1}.Release|x86.ActiveCfg = Release|Any CPU
		{1D81E4AD-D068-4BE5-BB0F-FA653DD16FD1}.Release|x86.Build.0 = Release|Any CPU
		{7368B848-14D4-431E-952F-AA1E440C607E}.Debug|Any CPU.ActiveCfg = Debug|Any CPU
		{7368B848-14D4-431E-952F-AA1E440C607E}.Debug|Any CPU.Build.0 = Debug|Any CPU
		{7368B848-14D4-431E-952F-AA1E440C607E}.Debug|x86.ActiveCfg = Debug|Any CPU
		{7368B848-14D4-431E-952F-AA1E440C607E}.Debug|x86.Build.0 = Debug|Any CPU
		{7368B848-14D4-431E-952F-AA1E440C607E}.Release|Any CPU.ActiveCfg = Release|Any CPU
		{7368B848-14D4-431E-952F-AA1E440C607E}.Release|Any CPU.Build.0 = Release|Any CPU
		{7368B848-14D4-431E-952F-AA1E440C607E}.Release|x86.ActiveCfg = Release|Any CPU
		{7368B848-14D4-431E-952F-AA1E440C607E}.Release|x86.Build.0 = Release|Any CPU
		{59C2E34F-2031-4F90-85F1-94A93453FCA7}.Debug|Any CPU.ActiveCfg = Debug|Any CPU
		{59C2E34F-2031-4F90-85F1-94A93453FCA7}.Debug|Any CPU.Build.0 = Debug|Any CPU
		{59C2E34F-2031-4F90-85F1-94A93453FCA7}.Debug|x86.ActiveCfg = Debug|Any CPU
		{59C2E34F-2031-4F90-85F1-94A93453FCA7}.Debug|x86.Build.0 = Debug|Any CPU
		{59C2E34F-2031-4F90-85F1-94A93453FCA7}.Release|Any CPU.ActiveCfg = Release|Any CPU
		{59C2E34F-2031-4F90-85F1-94A93453FCA7}.Release|Any CPU.Build.0 = Release|Any CPU
		{59C2E34F-2031-4F90-85F1-94A93453FCA7}.Release|x86.ActiveCfg = Release|Any CPU
		{59C2E34F-2031-4F90-85F1-94A93453FCA7}.Release|x86.Build.0 = Release|Any CPU
		{3CE5D2DF-8BD1-4E16-9285-6C4AB690F00C}.Debug|Any CPU.ActiveCfg = Debug|Any CPU
		{3CE5D2DF-8BD1-4E16-9285-6C4AB690F00C}.Debug|Any CPU.Build.0 = Debug|Any CPU
		{3CE5D2DF-8BD1-4E16-9285-6C4AB690F00C}.Debug|x86.ActiveCfg = Debug|x86
		{3CE5D2DF-8BD1-4E16-9285-6C4AB690F00C}.Debug|x86.Build.0 = Debug|x86
		{3CE5D2DF-8BD1-4E16-9285-6C4AB690F00C}.Release|Any CPU.ActiveCfg = Release|Any CPU
		{3CE5D2DF-8BD1-4E16-9285-6C4AB690F00C}.Release|Any CPU.Build.0 = Release|Any CPU
		{3CE5D2DF-8BD1-4E16-9285-6C4AB690F00C}.Release|x86.ActiveCfg = Release|x86
		{3CE5D2DF-8BD1-4E16-9285-6C4AB690F00C}.Release|x86.Build.0 = Release|x86
		{36645B1F-A702-4577-87A8-25BDB833515B}.Debug|Any CPU.ActiveCfg = Debug|Any CPU
		{36645B1F-A702-4577-87A8-25BDB833515B}.Debug|Any CPU.Build.0 = Debug|Any CPU
		{36645B1F-A702-4577-87A8-25BDB833515B}.Debug|x86.ActiveCfg = Debug|Any CPU
		{36645B1F-A702-4577-87A8-25BDB833515B}.Debug|x86.Build.0 = Debug|Any CPU
		{36645B1F-A702-4577-87A8-25BDB833515B}.Release|Any CPU.ActiveCfg = Release|Any CPU
		{36645B1F-A702-4577-87A8-25BDB833515B}.Release|Any CPU.Build.0 = Release|Any CPU
		{36645B1F-A702-4577-87A8-25BDB833515B}.Release|x86.ActiveCfg = Release|Any CPU
		{36645B1F-A702-4577-87A8-25BDB833515B}.Release|x86.Build.0 = Release|Any CPU
		{8774DA41-B1E4-44B5-AEB9-F02F43C115EE}.Debug|Any CPU.ActiveCfg = Debug|Any CPU
		{8774DA41-B1E4-44B5-AEB9-F02F43C115EE}.Debug|Any CPU.Build.0 = Debug|Any CPU
		{8774DA41-B1E4-44B5-AEB9-F02F43C115EE}.Debug|x86.ActiveCfg = Debug|Any CPU
		{8774DA41-B1E4-44B5-AEB9-F02F43C115EE}.Debug|x86.Build.0 = Debug|Any CPU
		{8774DA41-B1E4-44B5-AEB9-F02F43C115EE}.Release|Any CPU.ActiveCfg = Release|Any CPU
		{8774DA41-B1E4-44B5-AEB9-F02F43C115EE}.Release|Any CPU.Build.0 = Release|Any CPU
		{8774DA41-B1E4-44B5-AEB9-F02F43C115EE}.Release|x86.ActiveCfg = Release|Any CPU
		{8774DA41-B1E4-44B5-AEB9-F02F43C115EE}.Release|x86.Build.0 = Release|Any CPU
		{EA459706-3DE6-4BC1-BDA8-866D564AB5AF}.Debug|Any CPU.ActiveCfg = Debug|Any CPU
		{EA459706-3DE6-4BC1-BDA8-866D564AB5AF}.Debug|Any CPU.Build.0 = Debug|Any CPU
		{EA459706-3DE6-4BC1-BDA8-866D564AB5AF}.Debug|x86.ActiveCfg = Debug|Any CPU
		{EA459706-3DE6-4BC1-BDA8-866D564AB5AF}.Debug|x86.Build.0 = Debug|Any CPU
		{EA459706-3DE6-4BC1-BDA8-866D564AB5AF}.Release|Any CPU.ActiveCfg = Release|Any CPU
		{EA459706-3DE6-4BC1-BDA8-866D564AB5AF}.Release|Any CPU.Build.0 = Release|Any CPU
		{EA459706-3DE6-4BC1-BDA8-866D564AB5AF}.Release|x86.ActiveCfg = Release|Any CPU
		{EA459706-3DE6-4BC1-BDA8-866D564AB5AF}.Release|x86.Build.0 = Release|Any CPU
		{FBDE0B0D-2B83-42B3-A4BE-058C880BDF26}.Debug|Any CPU.ActiveCfg = Debug|Any CPU
		{FBDE0B0D-2B83-42B3-A4BE-058C880BDF26}.Debug|Any CPU.Build.0 = Debug|Any CPU
		{FBDE0B0D-2B83-42B3-A4BE-058C880BDF26}.Debug|x86.ActiveCfg = Debug|Any CPU
		{FBDE0B0D-2B83-42B3-A4BE-058C880BDF26}.Debug|x86.Build.0 = Debug|Any CPU
		{FBDE0B0D-2B83-42B3-A4BE-058C880BDF26}.Release|Any CPU.ActiveCfg = Release|Any CPU
		{FBDE0B0D-2B83-42B3-A4BE-058C880BDF26}.Release|Any CPU.Build.0 = Release|Any CPU
		{FBDE0B0D-2B83-42B3-A4BE-058C880BDF26}.Release|x86.ActiveCfg = Release|Any CPU
		{FBDE0B0D-2B83-42B3-A4BE-058C880BDF26}.Release|x86.Build.0 = Release|Any CPU
		{C6E56885-9222-430F-9F94-CA968E223E59}.Debug|Any CPU.ActiveCfg = Debug|Any CPU
		{C6E56885-9222-430F-9F94-CA968E223E59}.Debug|Any CPU.Build.0 = Debug|Any CPU
		{C6E56885-9222-430F-9F94-CA968E223E59}.Debug|x86.ActiveCfg = Debug|Any CPU
		{C6E56885-9222-430F-9F94-CA968E223E59}.Debug|x86.Build.0 = Debug|Any CPU
		{C6E56885-9222-430F-9F94-CA968E223E59}.Release|Any CPU.ActiveCfg = Release|Any CPU
		{C6E56885-9222-430F-9F94-CA968E223E59}.Release|Any CPU.Build.0 = Release|Any CPU
		{C6E56885-9222-430F-9F94-CA968E223E59}.Release|x86.ActiveCfg = Release|Any CPU
		{C6E56885-9222-430F-9F94-CA968E223E59}.Release|x86.Build.0 = Release|Any CPU
		{279390DA-1EC1-44A1-83CF-F4FD76AC055B}.Debug|Any CPU.ActiveCfg = Debug|Any CPU
		{279390DA-1EC1-44A1-83CF-F4FD76AC055B}.Debug|Any CPU.Build.0 = Debug|Any CPU
		{279390DA-1EC1-44A1-83CF-F4FD76AC055B}.Debug|x86.ActiveCfg = Debug|Any CPU
		{279390DA-1EC1-44A1-83CF-F4FD76AC055B}.Debug|x86.Build.0 = Debug|Any CPU
		{279390DA-1EC1-44A1-83CF-F4FD76AC055B}.Release|Any CPU.ActiveCfg = Release|Any CPU
		{279390DA-1EC1-44A1-83CF-F4FD76AC055B}.Release|Any CPU.Build.0 = Release|Any CPU
		{279390DA-1EC1-44A1-83CF-F4FD76AC055B}.Release|x86.ActiveCfg = Release|Any CPU
		{279390DA-1EC1-44A1-83CF-F4FD76AC055B}.Release|x86.Build.0 = Release|Any CPU
		{5368297E-8B07-43DC-8B38-0FE6076FF7F5}.Debug|Any CPU.ActiveCfg = Debug|Any CPU
		{5368297E-8B07-43DC-8B38-0FE6076FF7F5}.Debug|Any CPU.Build.0 = Debug|Any CPU
		{5368297E-8B07-43DC-8B38-0FE6076FF7F5}.Debug|x86.ActiveCfg = Debug|Any CPU
		{5368297E-8B07-43DC-8B38-0FE6076FF7F5}.Debug|x86.Build.0 = Debug|Any CPU
		{5368297E-8B07-43DC-8B38-0FE6076FF7F5}.Release|Any CPU.ActiveCfg = Release|Any CPU
		{5368297E-8B07-43DC-8B38-0FE6076FF7F5}.Release|Any CPU.Build.0 = Release|Any CPU
		{5368297E-8B07-43DC-8B38-0FE6076FF7F5}.Release|x86.ActiveCfg = Release|Any CPU
		{5368297E-8B07-43DC-8B38-0FE6076FF7F5}.Release|x86.Build.0 = Release|Any CPU
		{CC7DCC30-2B0A-4C89-80F7-65ADBE08ECB5}.Debug|Any CPU.ActiveCfg = Debug|Any CPU
		{CC7DCC30-2B0A-4C89-80F7-65ADBE08ECB5}.Debug|Any CPU.Build.0 = Debug|Any CPU
		{CC7DCC30-2B0A-4C89-80F7-65ADBE08ECB5}.Debug|x86.ActiveCfg = Debug|Any CPU
		{CC7DCC30-2B0A-4C89-80F7-65ADBE08ECB5}.Debug|x86.Build.0 = Debug|Any CPU
		{CC7DCC30-2B0A-4C89-80F7-65ADBE08ECB5}.Release|Any CPU.ActiveCfg = Release|Any CPU
		{CC7DCC30-2B0A-4C89-80F7-65ADBE08ECB5}.Release|Any CPU.Build.0 = Release|Any CPU
		{CC7DCC30-2B0A-4C89-80F7-65ADBE08ECB5}.Release|x86.ActiveCfg = Release|Any CPU
		{CC7DCC30-2B0A-4C89-80F7-65ADBE08ECB5}.Release|x86.Build.0 = Release|Any CPU
		{4FFBBC2A-0F28-40D2-8213-56B0CC3773F0}.Debug|Any CPU.ActiveCfg = Debug|Any CPU
		{4FFBBC2A-0F28-40D2-8213-56B0CC3773F0}.Debug|Any CPU.Build.0 = Debug|Any CPU
		{4FFBBC2A-0F28-40D2-8213-56B0CC3773F0}.Debug|x86.ActiveCfg = Debug|Any CPU
		{4FFBBC2A-0F28-40D2-8213-56B0CC3773F0}.Debug|x86.Build.0 = Debug|Any CPU
		{4FFBBC2A-0F28-40D2-8213-56B0CC3773F0}.Release|Any CPU.ActiveCfg = Release|Any CPU
		{4FFBBC2A-0F28-40D2-8213-56B0CC3773F0}.Release|Any CPU.Build.0 = Release|Any CPU
		{4FFBBC2A-0F28-40D2-8213-56B0CC3773F0}.Release|x86.ActiveCfg = Release|Any CPU
		{4FFBBC2A-0F28-40D2-8213-56B0CC3773F0}.Release|x86.Build.0 = Release|Any CPU
		{BF448196-7505-4035-A792-A104EF47B313}.Debug|Any CPU.ActiveCfg = Debug|Any CPU
		{BF448196-7505-4035-A792-A104EF47B313}.Debug|Any CPU.Build.0 = Debug|Any CPU
		{BF448196-7505-4035-A792-A104EF47B313}.Debug|x86.ActiveCfg = Debug|Any CPU
		{BF448196-7505-4035-A792-A104EF47B313}.Debug|x86.Build.0 = Debug|Any CPU
		{BF448196-7505-4035-A792-A104EF47B313}.Release|Any CPU.ActiveCfg = Release|Any CPU
		{BF448196-7505-4035-A792-A104EF47B313}.Release|Any CPU.Build.0 = Release|Any CPU
		{BF448196-7505-4035-A792-A104EF47B313}.Release|x86.ActiveCfg = Release|Any CPU
		{BF448196-7505-4035-A792-A104EF47B313}.Release|x86.Build.0 = Release|Any CPU
		{851185BD-AC5B-4A76-A8C1-F127104ADAAF}.Debug|Any CPU.ActiveCfg = Debug|Any CPU
		{851185BD-AC5B-4A76-A8C1-F127104ADAAF}.Debug|Any CPU.Build.0 = Debug|Any CPU
		{851185BD-AC5B-4A76-A8C1-F127104ADAAF}.Debug|x86.ActiveCfg = Debug|Any CPU
		{851185BD-AC5B-4A76-A8C1-F127104ADAAF}.Debug|x86.Build.0 = Debug|Any CPU
		{851185BD-AC5B-4A76-A8C1-F127104ADAAF}.Release|Any CPU.ActiveCfg = Release|Any CPU
		{851185BD-AC5B-4A76-A8C1-F127104ADAAF}.Release|Any CPU.Build.0 = Release|Any CPU
		{851185BD-AC5B-4A76-A8C1-F127104ADAAF}.Release|x86.ActiveCfg = Release|Any CPU
		{851185BD-AC5B-4A76-A8C1-F127104ADAAF}.Release|x86.Build.0 = Release|Any CPU
		{4AC840A0-2663-4061-8669-307422CE8CA3}.Debug|Any CPU.ActiveCfg = Debug|Any CPU
		{4AC840A0-2663-4061-8669-307422CE8CA3}.Debug|Any CPU.Build.0 = Debug|Any CPU
		{4AC840A0-2663-4061-8669-307422CE8CA3}.Debug|x86.ActiveCfg = Debug|Any CPU
		{4AC840A0-2663-4061-8669-307422CE8CA3}.Debug|x86.Build.0 = Debug|Any CPU
		{4AC840A0-2663-4061-8669-307422CE8CA3}.Release|Any CPU.ActiveCfg = Release|Any CPU
		{4AC840A0-2663-4061-8669-307422CE8CA3}.Release|Any CPU.Build.0 = Release|Any CPU
		{4AC840A0-2663-4061-8669-307422CE8CA3}.Release|x86.ActiveCfg = Release|Any CPU
		{4AC840A0-2663-4061-8669-307422CE8CA3}.Release|x86.Build.0 = Release|Any CPU
		{E33C27AA-CBEF-42B0-ADB3-160313FE5404}.Debug|Any CPU.ActiveCfg = Debug|Any CPU
		{E33C27AA-CBEF-42B0-ADB3-160313FE5404}.Debug|Any CPU.Build.0 = Debug|Any CPU
		{E33C27AA-CBEF-42B0-ADB3-160313FE5404}.Debug|x86.ActiveCfg = Debug|x86
		{E33C27AA-CBEF-42B0-ADB3-160313FE5404}.Debug|x86.Build.0 = Debug|x86
		{E33C27AA-CBEF-42B0-ADB3-160313FE5404}.Release|Any CPU.ActiveCfg = Release|Any CPU
		{E33C27AA-CBEF-42B0-ADB3-160313FE5404}.Release|Any CPU.Build.0 = Release|Any CPU
		{E33C27AA-CBEF-42B0-ADB3-160313FE5404}.Release|x86.ActiveCfg = Release|x86
		{E33C27AA-CBEF-42B0-ADB3-160313FE5404}.Release|x86.Build.0 = Release|x86
		{A5E1CFA2-1A9A-488C-8780-50E16D2FEAFA}.Debug|Any CPU.ActiveCfg = Debug|Any CPU
		{A5E1CFA2-1A9A-488C-8780-50E16D2FEAFA}.Debug|Any CPU.Build.0 = Debug|Any CPU
		{A5E1CFA2-1A9A-488C-8780-50E16D2FEAFA}.Debug|x86.ActiveCfg = Debug|Any CPU
		{A5E1CFA2-1A9A-488C-8780-50E16D2FEAFA}.Debug|x86.Build.0 = Debug|Any CPU
		{A5E1CFA2-1A9A-488C-8780-50E16D2FEAFA}.Release|Any CPU.ActiveCfg = Release|Any CPU
		{A5E1CFA2-1A9A-488C-8780-50E16D2FEAFA}.Release|Any CPU.Build.0 = Release|Any CPU
		{A5E1CFA2-1A9A-488C-8780-50E16D2FEAFA}.Release|x86.ActiveCfg = Release|Any CPU
		{A5E1CFA2-1A9A-488C-8780-50E16D2FEAFA}.Release|x86.Build.0 = Release|Any CPU
		{8C805FBE-D496-44B1-A3AC-A3066FC34204}.Debug|Any CPU.ActiveCfg = Debug|Any CPU
		{8C805FBE-D496-44B1-A3AC-A3066FC34204}.Debug|Any CPU.Build.0 = Debug|Any CPU
		{8C805FBE-D496-44B1-A3AC-A3066FC34204}.Debug|x86.ActiveCfg = Debug|Any CPU
		{8C805FBE-D496-44B1-A3AC-A3066FC34204}.Debug|x86.Build.0 = Debug|Any CPU
		{8C805FBE-D496-44B1-A3AC-A3066FC34204}.Release|Any CPU.ActiveCfg = Release|Any CPU
		{8C805FBE-D496-44B1-A3AC-A3066FC34204}.Release|Any CPU.Build.0 = Release|Any CPU
		{8C805FBE-D496-44B1-A3AC-A3066FC34204}.Release|x86.ActiveCfg = Release|Any CPU
		{8C805FBE-D496-44B1-A3AC-A3066FC34204}.Release|x86.Build.0 = Release|Any CPU
		{435554B2-0C51-4256-95DE-2B139F1B6204}.Debug|Any CPU.ActiveCfg = Debug|Any CPU
		{435554B2-0C51-4256-95DE-2B139F1B6204}.Debug|Any CPU.Build.0 = Debug|Any CPU
		{435554B2-0C51-4256-95DE-2B139F1B6204}.Debug|x86.ActiveCfg = Debug|Any CPU
		{435554B2-0C51-4256-95DE-2B139F1B6204}.Debug|x86.Build.0 = Debug|Any CPU
		{435554B2-0C51-4256-95DE-2B139F1B6204}.Release|Any CPU.ActiveCfg = Release|Any CPU
		{435554B2-0C51-4256-95DE-2B139F1B6204}.Release|Any CPU.Build.0 = Release|Any CPU
		{435554B2-0C51-4256-95DE-2B139F1B6204}.Release|x86.ActiveCfg = Release|Any CPU
		{435554B2-0C51-4256-95DE-2B139F1B6204}.Release|x86.Build.0 = Release|Any CPU
		{83AD9B2E-A3BB-49D9-9302-A3B961A59181}.Debug|Any CPU.ActiveCfg = Debug|Any CPU
		{83AD9B2E-A3BB-49D9-9302-A3B961A59181}.Debug|Any CPU.Build.0 = Debug|Any CPU
		{83AD9B2E-A3BB-49D9-9302-A3B961A59181}.Debug|x86.ActiveCfg = Debug|Any CPU
		{83AD9B2E-A3BB-49D9-9302-A3B961A59181}.Debug|x86.Build.0 = Debug|Any CPU
		{83AD9B2E-A3BB-49D9-9302-A3B961A59181}.Release|Any CPU.ActiveCfg = Release|Any CPU
		{83AD9B2E-A3BB-49D9-9302-A3B961A59181}.Release|Any CPU.Build.0 = Release|Any CPU
		{83AD9B2E-A3BB-49D9-9302-A3B961A59181}.Release|x86.ActiveCfg = Release|Any CPU
		{83AD9B2E-A3BB-49D9-9302-A3B961A59181}.Release|x86.Build.0 = Release|Any CPU
		{7C9FAAF1-BBC5-4F18-AB8E-D61778179D25}.Debug|Any CPU.ActiveCfg = Debug|Any CPU
		{7C9FAAF1-BBC5-4F18-AB8E-D61778179D25}.Debug|Any CPU.Build.0 = Debug|Any CPU
		{7C9FAAF1-BBC5-4F18-AB8E-D61778179D25}.Debug|x86.ActiveCfg = Debug|Any CPU
		{7C9FAAF1-BBC5-4F18-AB8E-D61778179D25}.Debug|x86.Build.0 = Debug|Any CPU
		{7C9FAAF1-BBC5-4F18-AB8E-D61778179D25}.Release|Any CPU.ActiveCfg = Release|Any CPU
		{7C9FAAF1-BBC5-4F18-AB8E-D61778179D25}.Release|Any CPU.Build.0 = Release|Any CPU
		{7C9FAAF1-BBC5-4F18-AB8E-D61778179D25}.Release|x86.ActiveCfg = Release|Any CPU
		{7C9FAAF1-BBC5-4F18-AB8E-D61778179D25}.Release|x86.Build.0 = Release|Any CPU
		{260078AF-579D-426F-A4B7-CF07E16C4390}.Debug|Any CPU.ActiveCfg = Debug|Any CPU
		{260078AF-579D-426F-A4B7-CF07E16C4390}.Debug|Any CPU.Build.0 = Debug|Any CPU
		{260078AF-579D-426F-A4B7-CF07E16C4390}.Debug|x86.ActiveCfg = Debug|Any CPU
		{260078AF-579D-426F-A4B7-CF07E16C4390}.Debug|x86.Build.0 = Debug|Any CPU
		{260078AF-579D-426F-A4B7-CF07E16C4390}.Release|Any CPU.ActiveCfg = Release|Any CPU
		{260078AF-579D-426F-A4B7-CF07E16C4390}.Release|Any CPU.Build.0 = Release|Any CPU
		{260078AF-579D-426F-A4B7-CF07E16C4390}.Release|x86.ActiveCfg = Release|Any CPU
		{260078AF-579D-426F-A4B7-CF07E16C4390}.Release|x86.Build.0 = Release|Any CPU
		{0D46A999-CAAB-4B28-8B00-907AD75288AF}.Debug|Any CPU.ActiveCfg = Debug|Any CPU
		{0D46A999-CAAB-4B28-8B00-907AD75288AF}.Debug|Any CPU.Build.0 = Debug|Any CPU
		{0D46A999-CAAB-4B28-8B00-907AD75288AF}.Debug|x86.ActiveCfg = Debug|Any CPU
		{0D46A999-CAAB-4B28-8B00-907AD75288AF}.Debug|x86.Build.0 = Debug|Any CPU
		{0D46A999-CAAB-4B28-8B00-907AD75288AF}.Release|Any CPU.ActiveCfg = Release|Any CPU
		{0D46A999-CAAB-4B28-8B00-907AD75288AF}.Release|Any CPU.Build.0 = Release|Any CPU
		{0D46A999-CAAB-4B28-8B00-907AD75288AF}.Release|x86.ActiveCfg = Release|Any CPU
		{0D46A999-CAAB-4B28-8B00-907AD75288AF}.Release|x86.Build.0 = Release|Any CPU
		{44AAD56F-C424-483D-A107-4161D68B5EFD}.Debug|Any CPU.ActiveCfg = Debug|Any CPU
		{44AAD56F-C424-483D-A107-4161D68B5EFD}.Debug|Any CPU.Build.0 = Debug|Any CPU
		{44AAD56F-C424-483D-A107-4161D68B5EFD}.Debug|x86.ActiveCfg = Debug|Any CPU
		{44AAD56F-C424-483D-A107-4161D68B5EFD}.Debug|x86.Build.0 = Debug|Any CPU
		{44AAD56F-C424-483D-A107-4161D68B5EFD}.Release|Any CPU.ActiveCfg = Release|Any CPU
		{44AAD56F-C424-483D-A107-4161D68B5EFD}.Release|Any CPU.Build.0 = Release|Any CPU
		{44AAD56F-C424-483D-A107-4161D68B5EFD}.Release|x86.ActiveCfg = Release|Any CPU
		{44AAD56F-C424-483D-A107-4161D68B5EFD}.Release|x86.Build.0 = Release|Any CPU
		{09AC9317-01BC-4881-A495-32AB0402A4DF}.Debug|Any CPU.ActiveCfg = Debug|Any CPU
		{09AC9317-01BC-4881-A495-32AB0402A4DF}.Debug|Any CPU.Build.0 = Debug|Any CPU
		{09AC9317-01BC-4881-A495-32AB0402A4DF}.Debug|x86.ActiveCfg = Debug|Any CPU
		{09AC9317-01BC-4881-A495-32AB0402A4DF}.Debug|x86.Build.0 = Debug|Any CPU
		{09AC9317-01BC-4881-A495-32AB0402A4DF}.Release|Any CPU.ActiveCfg = Release|Any CPU
		{09AC9317-01BC-4881-A495-32AB0402A4DF}.Release|Any CPU.Build.0 = Release|Any CPU
		{09AC9317-01BC-4881-A495-32AB0402A4DF}.Release|x86.ActiveCfg = Release|Any CPU
		{09AC9317-01BC-4881-A495-32AB0402A4DF}.Release|x86.Build.0 = Release|Any CPU
		{F063181C-788F-4F0B-B73A-11D4AA080458}.Debug|Any CPU.ActiveCfg = Debug|Any CPU
		{F063181C-788F-4F0B-B73A-11D4AA080458}.Debug|Any CPU.Build.0 = Debug|Any CPU
		{F063181C-788F-4F0B-B73A-11D4AA080458}.Debug|x86.ActiveCfg = Debug|Any CPU
		{F063181C-788F-4F0B-B73A-11D4AA080458}.Debug|x86.Build.0 = Debug|Any CPU
		{F063181C-788F-4F0B-B73A-11D4AA080458}.Release|Any CPU.ActiveCfg = Release|Any CPU
		{F063181C-788F-4F0B-B73A-11D4AA080458}.Release|Any CPU.Build.0 = Release|Any CPU
		{F063181C-788F-4F0B-B73A-11D4AA080458}.Release|x86.ActiveCfg = Release|Any CPU
		{F063181C-788F-4F0B-B73A-11D4AA080458}.Release|x86.Build.0 = Release|Any CPU
		{C1518B77-35AD-4ADC-A803-CD36EF340BEB}.Debug|Any CPU.ActiveCfg = Debug|Any CPU
		{C1518B77-35AD-4ADC-A803-CD36EF340BEB}.Debug|Any CPU.Build.0 = Debug|Any CPU
		{C1518B77-35AD-4ADC-A803-CD36EF340BEB}.Debug|x86.ActiveCfg = Debug|Any CPU
		{C1518B77-35AD-4ADC-A803-CD36EF340BEB}.Debug|x86.Build.0 = Debug|Any CPU
		{C1518B77-35AD-4ADC-A803-CD36EF340BEB}.Release|Any CPU.ActiveCfg = Release|Any CPU
		{C1518B77-35AD-4ADC-A803-CD36EF340BEB}.Release|Any CPU.Build.0 = Release|Any CPU
		{C1518B77-35AD-4ADC-A803-CD36EF340BEB}.Release|x86.ActiveCfg = Release|Any CPU
		{C1518B77-35AD-4ADC-A803-CD36EF340BEB}.Release|x86.Build.0 = Release|Any CPU
		{7BB4F105-FF66-4AE8-96EB-F889C2EEB63B}.Debug|Any CPU.ActiveCfg = Debug|Any CPU
		{7BB4F105-FF66-4AE8-96EB-F889C2EEB63B}.Debug|Any CPU.Build.0 = Debug|Any CPU
		{7BB4F105-FF66-4AE8-96EB-F889C2EEB63B}.Debug|x86.ActiveCfg = Debug|Any CPU
		{7BB4F105-FF66-4AE8-96EB-F889C2EEB63B}.Debug|x86.Build.0 = Debug|Any CPU
		{7BB4F105-FF66-4AE8-96EB-F889C2EEB63B}.Release|Any CPU.ActiveCfg = Release|Any CPU
		{7BB4F105-FF66-4AE8-96EB-F889C2EEB63B}.Release|Any CPU.Build.0 = Release|Any CPU
		{7BB4F105-FF66-4AE8-96EB-F889C2EEB63B}.Release|x86.ActiveCfg = Release|Any CPU
		{7BB4F105-FF66-4AE8-96EB-F889C2EEB63B}.Release|x86.Build.0 = Release|Any CPU
		{765B177F-E27C-4783-837E-33790940B7CF}.Debug|Any CPU.ActiveCfg = Debug|Any CPU
		{765B177F-E27C-4783-837E-33790940B7CF}.Debug|Any CPU.Build.0 = Debug|Any CPU
		{765B177F-E27C-4783-837E-33790940B7CF}.Debug|x86.ActiveCfg = Debug|Any CPU
		{765B177F-E27C-4783-837E-33790940B7CF}.Debug|x86.Build.0 = Debug|Any CPU
		{765B177F-E27C-4783-837E-33790940B7CF}.Release|Any CPU.ActiveCfg = Release|Any CPU
		{765B177F-E27C-4783-837E-33790940B7CF}.Release|Any CPU.Build.0 = Release|Any CPU
		{765B177F-E27C-4783-837E-33790940B7CF}.Release|x86.ActiveCfg = Release|Any CPU
		{765B177F-E27C-4783-837E-33790940B7CF}.Release|x86.Build.0 = Release|Any CPU
		{5FC8E3E5-4B69-40E8-BE20-367FE44319F8}.Debug|Any CPU.ActiveCfg = Debug|Any CPU
		{5FC8E3E5-4B69-40E8-BE20-367FE44319F8}.Debug|Any CPU.Build.0 = Debug|Any CPU
		{5FC8E3E5-4B69-40E8-BE20-367FE44319F8}.Debug|x86.ActiveCfg = Debug|Any CPU
		{5FC8E3E5-4B69-40E8-BE20-367FE44319F8}.Debug|x86.Build.0 = Debug|Any CPU
		{5FC8E3E5-4B69-40E8-BE20-367FE44319F8}.Release|Any CPU.ActiveCfg = Release|Any CPU
		{5FC8E3E5-4B69-40E8-BE20-367FE44319F8}.Release|Any CPU.Build.0 = Release|Any CPU
		{5FC8E3E5-4B69-40E8-BE20-367FE44319F8}.Release|x86.ActiveCfg = Release|Any CPU
		{5FC8E3E5-4B69-40E8-BE20-367FE44319F8}.Release|x86.Build.0 = Release|Any CPU
		{A13EF7FE-2ED1-479D-B8A5-2DF5F5F957E3}.Debug|Any CPU.ActiveCfg = Debug|Any CPU
		{A13EF7FE-2ED1-479D-B8A5-2DF5F5F957E3}.Debug|Any CPU.Build.0 = Debug|Any CPU
		{A13EF7FE-2ED1-479D-B8A5-2DF5F5F957E3}.Debug|x86.ActiveCfg = Debug|Any CPU
		{A13EF7FE-2ED1-479D-B8A5-2DF5F5F957E3}.Debug|x86.Build.0 = Debug|Any CPU
		{A13EF7FE-2ED1-479D-B8A5-2DF5F5F957E3}.Release|Any CPU.ActiveCfg = Release|Any CPU
		{A13EF7FE-2ED1-479D-B8A5-2DF5F5F957E3}.Release|Any CPU.Build.0 = Release|Any CPU
		{A13EF7FE-2ED1-479D-B8A5-2DF5F5F957E3}.Release|x86.ActiveCfg = Release|Any CPU
		{A13EF7FE-2ED1-479D-B8A5-2DF5F5F957E3}.Release|x86.Build.0 = Release|Any CPU
		{D3D30B30-C61B-4020-AA47-164158F49D21}.Debug|Any CPU.ActiveCfg = Debug|Any CPU
		{D3D30B30-C61B-4020-AA47-164158F49D21}.Debug|Any CPU.Build.0 = Debug|Any CPU
		{D3D30B30-C61B-4020-AA47-164158F49D21}.Debug|x86.ActiveCfg = Debug|Any CPU
		{D3D30B30-C61B-4020-AA47-164158F49D21}.Debug|x86.Build.0 = Debug|Any CPU
		{D3D30B30-C61B-4020-AA47-164158F49D21}.Release|Any CPU.ActiveCfg = Release|Any CPU
		{D3D30B30-C61B-4020-AA47-164158F49D21}.Release|Any CPU.Build.0 = Release|Any CPU
		{D3D30B30-C61B-4020-AA47-164158F49D21}.Release|x86.ActiveCfg = Release|Any CPU
		{D3D30B30-C61B-4020-AA47-164158F49D21}.Release|x86.Build.0 = Release|Any CPU
		{A85AF198-8D3C-4508-A4E0-BCCE6C86257B}.Debug|Any CPU.ActiveCfg = Debug|Any CPU
		{A85AF198-8D3C-4508-A4E0-BCCE6C86257B}.Debug|Any CPU.Build.0 = Debug|Any CPU
		{A85AF198-8D3C-4508-A4E0-BCCE6C86257B}.Debug|x86.ActiveCfg = Debug|Any CPU
		{A85AF198-8D3C-4508-A4E0-BCCE6C86257B}.Debug|x86.Build.0 = Debug|Any CPU
		{A85AF198-8D3C-4508-A4E0-BCCE6C86257B}.Release|Any CPU.ActiveCfg = Release|Any CPU
		{A85AF198-8D3C-4508-A4E0-BCCE6C86257B}.Release|Any CPU.Build.0 = Release|Any CPU
		{A85AF198-8D3C-4508-A4E0-BCCE6C86257B}.Release|x86.ActiveCfg = Release|Any CPU
		{A85AF198-8D3C-4508-A4E0-BCCE6C86257B}.Release|x86.Build.0 = Release|Any CPU
		{7450E022-C7FE-49A1-A527-877C6830F0A3}.Debug|Any CPU.ActiveCfg = Debug|Any CPU
		{7450E022-C7FE-49A1-A527-877C6830F0A3}.Debug|Any CPU.Build.0 = Debug|Any CPU
		{7450E022-C7FE-49A1-A527-877C6830F0A3}.Debug|x86.ActiveCfg = Debug|Any CPU
		{7450E022-C7FE-49A1-A527-877C6830F0A3}.Debug|x86.Build.0 = Debug|Any CPU
		{7450E022-C7FE-49A1-A527-877C6830F0A3}.Release|Any CPU.ActiveCfg = Release|Any CPU
		{7450E022-C7FE-49A1-A527-877C6830F0A3}.Release|Any CPU.Build.0 = Release|Any CPU
		{7450E022-C7FE-49A1-A527-877C6830F0A3}.Release|x86.ActiveCfg = Release|Any CPU
		{7450E022-C7FE-49A1-A527-877C6830F0A3}.Release|x86.Build.0 = Release|Any CPU
		{2DA3FB1C-9BD9-411A-8CBE-E7F2CDF5CB7D}.Debug|Any CPU.ActiveCfg = Debug|Any CPU
		{2DA3FB1C-9BD9-411A-8CBE-E7F2CDF5CB7D}.Debug|Any CPU.Build.0 = Debug|Any CPU
		{2DA3FB1C-9BD9-411A-8CBE-E7F2CDF5CB7D}.Debug|x86.ActiveCfg = Debug|Any CPU
		{2DA3FB1C-9BD9-411A-8CBE-E7F2CDF5CB7D}.Debug|x86.Build.0 = Debug|Any CPU
		{2DA3FB1C-9BD9-411A-8CBE-E7F2CDF5CB7D}.Release|Any CPU.ActiveCfg = Release|Any CPU
		{2DA3FB1C-9BD9-411A-8CBE-E7F2CDF5CB7D}.Release|Any CPU.Build.0 = Release|Any CPU
		{2DA3FB1C-9BD9-411A-8CBE-E7F2CDF5CB7D}.Release|x86.ActiveCfg = Release|Any CPU
		{2DA3FB1C-9BD9-411A-8CBE-E7F2CDF5CB7D}.Release|x86.Build.0 = Release|Any CPU
		{FC4B788B-E87B-4FF1-8711-621C744C3711}.Debug|Any CPU.ActiveCfg = Debug|Any CPU
		{FC4B788B-E87B-4FF1-8711-621C744C3711}.Debug|Any CPU.Build.0 = Debug|Any CPU
		{FC4B788B-E87B-4FF1-8711-621C744C3711}.Debug|x86.ActiveCfg = Debug|Any CPU
		{FC4B788B-E87B-4FF1-8711-621C744C3711}.Debug|x86.Build.0 = Debug|Any CPU
		{FC4B788B-E87B-4FF1-8711-621C744C3711}.Release|Any CPU.ActiveCfg = Release|Any CPU
		{FC4B788B-E87B-4FF1-8711-621C744C3711}.Release|Any CPU.Build.0 = Release|Any CPU
		{FC4B788B-E87B-4FF1-8711-621C744C3711}.Release|x86.ActiveCfg = Release|Any CPU
		{FC4B788B-E87B-4FF1-8711-621C744C3711}.Release|x86.Build.0 = Release|Any CPU
		{55C7ECE7-9F2B-4F26-B4BC-1E2A9D300A01}.Debug|Any CPU.ActiveCfg = Debug|Any CPU
		{55C7ECE7-9F2B-4F26-B4BC-1E2A9D300A01}.Debug|Any CPU.Build.0 = Debug|Any CPU
		{55C7ECE7-9F2B-4F26-B4BC-1E2A9D300A01}.Debug|x86.ActiveCfg = Debug|Any CPU
		{55C7ECE7-9F2B-4F26-B4BC-1E2A9D300A01}.Debug|x86.Build.0 = Debug|Any CPU
		{55C7ECE7-9F2B-4F26-B4BC-1E2A9D300A01}.Release|Any CPU.ActiveCfg = Release|Any CPU
		{55C7ECE7-9F2B-4F26-B4BC-1E2A9D300A01}.Release|Any CPU.Build.0 = Release|Any CPU
		{55C7ECE7-9F2B-4F26-B4BC-1E2A9D300A01}.Release|x86.ActiveCfg = Release|Any CPU
		{55C7ECE7-9F2B-4F26-B4BC-1E2A9D300A01}.Release|x86.Build.0 = Release|Any CPU
		{32196599-21C8-4176-BBC4-E95F013EC64D}.Debug|Any CPU.ActiveCfg = Debug|Any CPU
		{32196599-21C8-4176-BBC4-E95F013EC64D}.Debug|Any CPU.Build.0 = Debug|Any CPU
		{32196599-21C8-4176-BBC4-E95F013EC64D}.Debug|x86.ActiveCfg = Debug|Any CPU
		{32196599-21C8-4176-BBC4-E95F013EC64D}.Debug|x86.Build.0 = Debug|Any CPU
		{32196599-21C8-4176-BBC4-E95F013EC64D}.Release|Any CPU.ActiveCfg = Release|Any CPU
		{32196599-21C8-4176-BBC4-E95F013EC64D}.Release|Any CPU.Build.0 = Release|Any CPU
		{32196599-21C8-4176-BBC4-E95F013EC64D}.Release|x86.ActiveCfg = Release|Any CPU
		{32196599-21C8-4176-BBC4-E95F013EC64D}.Release|x86.Build.0 = Release|Any CPU
		{8F613F0B-9893-46CC-8D41-7D3EBA19A1A3}.Debug|Any CPU.ActiveCfg = Debug|Any CPU
		{8F613F0B-9893-46CC-8D41-7D3EBA19A1A3}.Debug|Any CPU.Build.0 = Debug|Any CPU
		{8F613F0B-9893-46CC-8D41-7D3EBA19A1A3}.Debug|x86.ActiveCfg = Debug|Any CPU
		{8F613F0B-9893-46CC-8D41-7D3EBA19A1A3}.Debug|x86.Build.0 = Debug|Any CPU
		{8F613F0B-9893-46CC-8D41-7D3EBA19A1A3}.Release|Any CPU.ActiveCfg = Release|Any CPU
		{8F613F0B-9893-46CC-8D41-7D3EBA19A1A3}.Release|Any CPU.Build.0 = Release|Any CPU
		{8F613F0B-9893-46CC-8D41-7D3EBA19A1A3}.Release|x86.ActiveCfg = Release|Any CPU
		{8F613F0B-9893-46CC-8D41-7D3EBA19A1A3}.Release|x86.Build.0 = Release|Any CPU
		{06610113-2E17-4F67-BA82-25DEE667D44B}.Debug|Any CPU.ActiveCfg = Debug|Any CPU
		{06610113-2E17-4F67-BA82-25DEE667D44B}.Debug|Any CPU.Build.0 = Debug|Any CPU
		{06610113-2E17-4F67-BA82-25DEE667D44B}.Debug|x86.ActiveCfg = Debug|Any CPU
		{06610113-2E17-4F67-BA82-25DEE667D44B}.Debug|x86.Build.0 = Debug|Any CPU
		{06610113-2E17-4F67-BA82-25DEE667D44B}.Release|Any CPU.ActiveCfg = Release|Any CPU
		{06610113-2E17-4F67-BA82-25DEE667D44B}.Release|Any CPU.Build.0 = Release|Any CPU
		{06610113-2E17-4F67-BA82-25DEE667D44B}.Release|x86.ActiveCfg = Release|Any CPU
		{06610113-2E17-4F67-BA82-25DEE667D44B}.Release|x86.Build.0 = Release|Any CPU
	EndGlobalSection
	GlobalSection(SolutionProperties) = preSolution
		HideSolutionNode = FALSE
	EndGlobalSection
	GlobalSection(NestedProjects) = preSolution
		{6B3AD624-820E-4ADE-B5AB-81DAED54D0B6} = {3C01D090-5A24-439D-A654-BB903238D440}
		{E0C708F5-DCC8-4098-ABBD-2DD9D2766F1B} = {24931EB6-184E-42D8-91A4-541A16E94BFE}
		{21CDC162-FD9B-4A9B-9E70-A5D0AA27BB4C} = {24931EB6-184E-42D8-91A4-541A16E94BFE}
		{B9AD9D57-8F62-43BE-8E26-F80EC8550413} = {06440465-74C8-42B9-9187-C8F3ADD9E635}
		{1D81E4AD-D068-4BE5-BB0F-FA653DD16FD1} = {06440465-74C8-42B9-9187-C8F3ADD9E635}
		{648EE63C-D790-4FA5-927D-DD3A3EC06469} = {5BD1DF91-B612-4E3B-B7A8-BC6F422D4C11}
		{24931EB6-184E-42D8-91A4-541A16E94BFE} = {648EE63C-D790-4FA5-927D-DD3A3EC06469}
		{3C01D090-5A24-439D-A654-BB903238D440} = {5BD1DF91-B612-4E3B-B7A8-BC6F422D4C11}
		{7368B848-14D4-431E-952F-AA1E440C607E} = {3C01D090-5A24-439D-A654-BB903238D440}
		{7CAF2A28-9A61-4A51-84BF-EC8164D88C68} = {5BD1DF91-B612-4E3B-B7A8-BC6F422D4C11}
		{06440465-74C8-42B9-9187-C8F3ADD9E635} = {5BD1DF91-B612-4E3B-B7A8-BC6F422D4C11}
		{E2343303-8F34-4F15-A21F-8CB0F94C0EE8} = {5BD1DF91-B612-4E3B-B7A8-BC6F422D4C11}
		{59C2E34F-2031-4F90-85F1-94A93453FCA7} = {3C01D090-5A24-439D-A654-BB903238D440}
		{600365EC-53A9-4526-AFB4-CDEE50677819} = {5BD1DF91-B612-4E3B-B7A8-BC6F422D4C11}
		{9938341E-6E0D-46F4-82C6-5C39549FF49F} = {600365EC-53A9-4526-AFB4-CDEE50677819}
		{3CE5D2DF-8BD1-4E16-9285-6C4AB690F00C} = {E2343303-8F34-4F15-A21F-8CB0F94C0EE8}
		{36645B1F-A702-4577-87A8-25BDB833515B} = {600365EC-53A9-4526-AFB4-CDEE50677819}
		{8774DA41-B1E4-44B5-AEB9-F02F43C115EE} = {3C01D090-5A24-439D-A654-BB903238D440}
		{EA459706-3DE6-4BC1-BDA8-866D564AB5AF} = {9938341E-6E0D-46F4-82C6-5C39549FF49F}
		{FBDE0B0D-2B83-42B3-A4BE-058C880BDF26} = {AD3A6781-2C33-4DD3-B7FF-0E3E8371BB5F}
		{C6E56885-9222-430F-9F94-CA968E223E59} = {AD3A6781-2C33-4DD3-B7FF-0E3E8371BB5F}
		{279390DA-1EC1-44A1-83CF-F4FD76AC055B} = {AD3A6781-2C33-4DD3-B7FF-0E3E8371BB5F}
		{5368297E-8B07-43DC-8B38-0FE6076FF7F5} = {AD3A6781-2C33-4DD3-B7FF-0E3E8371BB5F}
		{CC7DCC30-2B0A-4C89-80F7-65ADBE08ECB5} = {AD3A6781-2C33-4DD3-B7FF-0E3E8371BB5F}
		{4FFBBC2A-0F28-40D2-8213-56B0CC3773F0} = {AD3A6781-2C33-4DD3-B7FF-0E3E8371BB5F}
		{BF448196-7505-4035-A792-A104EF47B313} = {3C01D090-5A24-439D-A654-BB903238D440}
		{851185BD-AC5B-4A76-A8C1-F127104ADAAF} = {7CAF2A28-9A61-4A51-84BF-EC8164D88C68}
		{4AC840A0-2663-4061-8669-307422CE8CA3} = {7CAF2A28-9A61-4A51-84BF-EC8164D88C68}
		{BED56284-9BD1-41F6-8EE0-A62C6A3F30B6} = {648EE63C-D790-4FA5-927D-DD3A3EC06469}
		{E33C27AA-CBEF-42B0-ADB3-160313FE5404} = {BED56284-9BD1-41F6-8EE0-A62C6A3F30B6}
		{A5E1CFA2-1A9A-488C-8780-50E16D2FEAFA} = {AD3A6781-2C33-4DD3-B7FF-0E3E8371BB5F}
		{8C805FBE-D496-44B1-A3AC-A3066FC34204} = {648EE63C-D790-4FA5-927D-DD3A3EC06469}
		{435554B2-0C51-4256-95DE-2B139F1B6204} = {06440465-74C8-42B9-9187-C8F3ADD9E635}
		{83AD9B2E-A3BB-49D9-9302-A3B961A59181} = {06440465-74C8-42B9-9187-C8F3ADD9E635}
		{7C9FAAF1-BBC5-4F18-AB8E-D61778179D25} = {AD3A6781-2C33-4DD3-B7FF-0E3E8371BB5F}
		{260078AF-579D-426F-A4B7-CF07E16C4390} = {AD3A6781-2C33-4DD3-B7FF-0E3E8371BB5F}
		{0D46A999-CAAB-4B28-8B00-907AD75288AF} = {AD3A6781-2C33-4DD3-B7FF-0E3E8371BB5F}
		{44AAD56F-C424-483D-A107-4161D68B5EFD} = {BED56284-9BD1-41F6-8EE0-A62C6A3F30B6}
		{09AC9317-01BC-4881-A495-32AB0402A4DF} = {648EE63C-D790-4FA5-927D-DD3A3EC06469}
		{F063181C-788F-4F0B-B73A-11D4AA080458} = {BED56284-9BD1-41F6-8EE0-A62C6A3F30B6}
		{C1518B77-35AD-4ADC-A803-CD36EF340BEB} = {AD3A6781-2C33-4DD3-B7FF-0E3E8371BB5F}
		{7BB4F105-FF66-4AE8-96EB-F889C2EEB63B} = {ACE1A5CF-81D1-48AD-B577-7346B7F9BB30}
		{765B177F-E27C-4783-837E-33790940B7CF} = {FA71D57F-A75F-4CF9-AB05-D489397887FC}
		{5FC8E3E5-4B69-40E8-BE20-367FE44319F8} = {ACE1A5CF-81D1-48AD-B577-7346B7F9BB30}
		{A13EF7FE-2ED1-479D-B8A5-2DF5F5F957E3} = {FA71D57F-A75F-4CF9-AB05-D489397887FC}
		{D3D30B30-C61B-4020-AA47-164158F49D21} = {FA71D57F-A75F-4CF9-AB05-D489397887FC}
		{A85AF198-8D3C-4508-A4E0-BCCE6C86257B} = {FA71D57F-A75F-4CF9-AB05-D489397887FC}
		{7450E022-C7FE-49A1-A527-877C6830F0A3} = {FA71D57F-A75F-4CF9-AB05-D489397887FC}
		{2DA3FB1C-9BD9-411A-8CBE-E7F2CDF5CB7D} = {FA71D57F-A75F-4CF9-AB05-D489397887FC}
		{FC4B788B-E87B-4FF1-8711-621C744C3711} = {FA71D57F-A75F-4CF9-AB05-D489397887FC}
		{55C7ECE7-9F2B-4F26-B4BC-1E2A9D300A01} = {FA71D57F-A75F-4CF9-AB05-D489397887FC}
		{32196599-21C8-4176-BBC4-E95F013EC64D} = {FA71D57F-A75F-4CF9-AB05-D489397887FC}
		{8F613F0B-9893-46CC-8D41-7D3EBA19A1A3} = {FA71D57F-A75F-4CF9-AB05-D489397887FC}
		{06610113-2E17-4F67-BA82-25DEE667D44B} = {BED56284-9BD1-41F6-8EE0-A62C6A3F30B6}
	EndGlobalSection
EndGlobal
